{
  "version": 4,
  "terraform_version": "1.11.4",
  "serial": 51,
  "lineage": "4b30a30e-f991-03e3-6c62-b1da720285d3",
  "outputs": {
    "bi_tool_url": {
      "value": "https://hina-bi.codelessops.site",
      "type": "string"
    },
    "mysql_db_endpoint": {
      "value": "hina-cloud-project-mysql-db.crqiq028ih2b.eu-north-1.rds.amazonaws.com",
      "type": "string"
    },
    "postgresql_db_endpoint": {
      "value": "hina-cloud-project-postgresql-db.crqiq028ih2b.eu-north-1.rds.amazonaws.com",
      "type": "string"
    },
    "web_app_url": {
      "value": "https://hina-app.codelessops.site",
      "type": "string"
    }
  },
  "resources": [
    {
      "mode": "data",
      "type": "aws_route53_zone",
      "name": "selected",
      "provider": "provider[\"registry.terraform.io/hashicorp/aws\"]",
      "instances": [
        {
          "schema_version": 0,
          "attributes": {
            "arn": "arn:aws:route53:::hostedzone/Z0198126PCSHG2JY84ZH",
            "caller_reference": "06442068-50b7-41b6-af54-f6df2c4c5be1",
            "comment": "",
            "id": "Z0198126PCSHG2JY84ZH",
            "linked_service_description": null,
            "linked_service_principal": null,
            "name": "codelessops.site",
            "name_servers": [
              "ns-1849.awsdns-39.co.uk",
              "ns-1137.awsdns-14.org",
              "ns-26.awsdns-03.com",
              "ns-731.awsdns-27.net"
            ],
            "primary_name_server": "ns-1849.awsdns-39.co.uk",
            "private_zone": false,
            "resource_record_set_count": 14,
            "tags": {},
            "vpc_id": null,
            "zone_id": "Z0198126PCSHG2JY84ZH"
          },
          "sensitive_attributes": []
        }
      ]
    },
    {
      "module": "module.alb",
      "mode": "managed",
      "type": "aws_lb",
      "name": "main",
      "provider": "provider[\"registry.terraform.io/hashicorp/aws\"]",
      "instances": [
        {
          "schema_version": 0,
          "attributes": {
            "access_logs": [
              {
                "bucket": "",
                "enabled": false,
                "prefix": ""
              }
            ],
            "arn": "arn:aws:elasticloadbalancing:eu-north-1:762293625313:loadbalancer/app/hina-cloud-project-alb/5878a39a414146f1",
            "arn_suffix": "app/hina-cloud-project-alb/5878a39a414146f1",
            "client_keep_alive": 3600,
            "connection_logs": [
              {
                "bucket": "",
                "enabled": false,
                "prefix": ""
              }
            ],
            "customer_owned_ipv4_pool": "",
            "desync_mitigation_mode": "defensive",
            "dns_name": "hina-cloud-project-alb-560215309.eu-north-1.elb.amazonaws.com",
            "dns_record_client_routing_policy": null,
            "drop_invalid_header_fields": false,
            "enable_cross_zone_load_balancing": true,
            "enable_deletion_protection": false,
            "enable_http2": true,
            "enable_tls_version_and_cipher_suite_headers": false,
            "enable_waf_fail_open": false,
            "enable_xff_client_port": false,
            "enable_zonal_shift": false,
            "enforce_security_group_inbound_rules_on_private_link_traffic": "",
            "id": "arn:aws:elasticloadbalancing:eu-north-1:762293625313:loadbalancer/app/hina-cloud-project-alb/5878a39a414146f1",
            "idle_timeout": 60,
            "internal": false,
            "ip_address_type": "ipv4",
            "ipam_pools": [],
            "load_balancer_type": "application",
            "minimum_load_balancer_capacity": [],
            "name": "hina-cloud-project-alb",
            "name_prefix": "",
            "preserve_host_header": false,
            "security_groups": [
              "sg-05e054279888eab6d"
            ],
            "subnet_mapping": [
              {
                "allocation_id": "",
                "ipv6_address": "",
                "outpost_id": "",
                "private_ipv4_address": "",
                "subnet_id": "subnet-03e2a5040bce6f4ec"
              },
              {
                "allocation_id": "",
                "ipv6_address": "",
                "outpost_id": "",
                "private_ipv4_address": "",
                "subnet_id": "subnet-0ef75f87fdaac1038"
              }
            ],
            "subnets": [
              "subnet-03e2a5040bce6f4ec",
              "subnet-0ef75f87fdaac1038"
            ],
            "tags": {
              "Name": "hina-cloud-project-alb",
              "Project": "hina-cloud-project"
            },
            "tags_all": {
              "Name": "hina-cloud-project-alb",
              "Project": "hina-cloud-project"
            },
            "timeouts": null,
            "vpc_id": "vpc-02d9f41363eeac17d",
            "xff_header_processing_mode": "append",
            "zone_id": "Z23TAZ6LKFMNIO"
          },
          "sensitive_attributes": [],
          "private": "eyJlMmJmYjczMC1lY2FhLTExZTYtOGY4OC0zNDM2M2JjN2M0YzAiOnsiY3JlYXRlIjo2MDAwMDAwMDAwMDAsImRlbGV0ZSI6NjAwMDAwMDAwMDAwLCJ1cGRhdGUiOjYwMDAwMDAwMDAwMH19",
          "dependencies": [
            "module.security_groups.aws_security_group.alb_sg",
            "module.vpc.aws_subnet.public",
            "module.vpc.aws_vpc.main",
            "module.vpc.data.aws_availability_zones.available"
          ]
        }
      ]
    },
    {
      "module": "module.alb",
      "mode": "managed",
      "type": "aws_lb_listener",
      "name": "http",
      "provider": "provider[\"registry.terraform.io/hashicorp/aws\"]",
      "instances": [
        {
          "schema_version": 0,
          "attributes": {
            "alpn_policy": null,
            "arn": "arn:aws:elasticloadbalancing:eu-north-1:762293625313:listener/app/hina-cloud-project-alb/5878a39a414146f1/1da5e73a89d3655e",
            "certificate_arn": null,
            "default_action": [
              {
                "authenticate_cognito": [],
                "authenticate_oidc": [],
                "fixed_response": [],
                "forward": [],
                "order": 1,
                "redirect": [
                  {
                    "host": "#{host}",
                    "path": "/#{path}",
                    "port": "443",
                    "protocol": "HTTPS",
                    "query": "#{query}",
                    "status_code": "HTTP_301"
                  }
                ],
                "target_group_arn": "",
                "type": "redirect"
              }
            ],
            "id": "arn:aws:elasticloadbalancing:eu-north-1:762293625313:listener/app/hina-cloud-project-alb/5878a39a414146f1/1da5e73a89d3655e",
            "load_balancer_arn": "arn:aws:elasticloadbalancing:eu-north-1:762293625313:loadbalancer/app/hina-cloud-project-alb/5878a39a414146f1",
            "mutual_authentication": [],
            "port": 80,
            "protocol": "HTTP",
            "routing_http_request_x_amzn_mtls_clientcert_header_name": null,
            "routing_http_request_x_amzn_mtls_clientcert_issuer_header_name": null,
            "routing_http_request_x_amzn_mtls_clientcert_leaf_header_name": null,
            "routing_http_request_x_amzn_mtls_clientcert_serial_number_header_name": null,
            "routing_http_request_x_amzn_mtls_clientcert_subject_header_name": null,
            "routing_http_request_x_amzn_mtls_clientcert_validity_header_name": null,
            "routing_http_request_x_amzn_tls_cipher_suite_header_name": null,
            "routing_http_request_x_amzn_tls_version_header_name": null,
            "routing_http_response_access_control_allow_credentials_header_value": "",
            "routing_http_response_access_control_allow_headers_header_value": "",
            "routing_http_response_access_control_allow_methods_header_value": "",
            "routing_http_response_access_control_allow_origin_header_value": "",
            "routing_http_response_access_control_expose_headers_header_value": "",
            "routing_http_response_access_control_max_age_header_value": "",
            "routing_http_response_content_security_policy_header_value": "",
            "routing_http_response_server_enabled": true,
            "routing_http_response_strict_transport_security_header_value": "",
            "routing_http_response_x_content_type_options_header_value": "",
            "routing_http_response_x_frame_options_header_value": "",
            "ssl_policy": "",
            "tags": {},
            "tags_all": {},
            "tcp_idle_timeout_seconds": null,
            "timeouts": null
          },
          "sensitive_attributes": [],
          "private": "eyJlMmJmYjczMC1lY2FhLTExZTYtOGY4OC0zNDM2M2JjN2M0YzAiOnsiY3JlYXRlIjozMDAwMDAwMDAwMDAsInVwZGF0ZSI6MzAwMDAwMDAwMDAwfX0=",
          "dependencies": [
            "module.alb.aws_lb.main",
            "module.security_groups.aws_security_group.alb_sg",
            "module.vpc.aws_subnet.public",
            "module.vpc.aws_vpc.main",
            "module.vpc.data.aws_availability_zones.available"
          ]
        }
      ]
    },
    {
      "module": "module.alb",
      "mode": "managed",
      "type": "aws_lb_listener",
      "name": "https",
      "provider": "provider[\"registry.terraform.io/hashicorp/aws\"]",
      "instances": [
        {
          "schema_version": 0,
          "attributes": {
            "alpn_policy": null,
            "arn": "arn:aws:elasticloadbalancing:eu-north-1:762293625313:listener/app/hina-cloud-project-alb/5878a39a414146f1/c32079cf77572f64",
            "certificate_arn": "arn:aws:acm:eu-north-1:762293625313:certificate/f795f553-c418-4896-97c8-4808461ec34e",
            "default_action": [
              {
                "authenticate_cognito": [],
                "authenticate_oidc": [],
                "fixed_response": [
                  {
                    "content_type": "text/plain",
                    "message_body": "Not Found",
                    "status_code": "404"
                  }
                ],
                "forward": [],
                "order": 1,
                "redirect": [],
                "target_group_arn": "",
                "type": "fixed-response"
              }
            ],
            "id": "arn:aws:elasticloadbalancing:eu-north-1:762293625313:listener/app/hina-cloud-project-alb/5878a39a414146f1/c32079cf77572f64",
            "load_balancer_arn": "arn:aws:elasticloadbalancing:eu-north-1:762293625313:loadbalancer/app/hina-cloud-project-alb/5878a39a414146f1",
            "mutual_authentication": [
              {
                "advertise_trust_store_ca_names": "",
                "ignore_client_certificate_expiry": false,
                "mode": "off",
                "trust_store_arn": ""
              }
            ],
            "port": 443,
            "protocol": "HTTPS",
            "routing_http_request_x_amzn_mtls_clientcert_header_name": "",
            "routing_http_request_x_amzn_mtls_clientcert_issuer_header_name": "",
            "routing_http_request_x_amzn_mtls_clientcert_leaf_header_name": "",
            "routing_http_request_x_amzn_mtls_clientcert_serial_number_header_name": "",
            "routing_http_request_x_amzn_mtls_clientcert_subject_header_name": "",
            "routing_http_request_x_amzn_mtls_clientcert_validity_header_name": "",
            "routing_http_request_x_amzn_tls_cipher_suite_header_name": "",
            "routing_http_request_x_amzn_tls_version_header_name": "",
            "routing_http_response_access_control_allow_credentials_header_value": "",
            "routing_http_response_access_control_allow_headers_header_value": "",
            "routing_http_response_access_control_allow_methods_header_value": "",
            "routing_http_response_access_control_allow_origin_header_value": "",
            "routing_http_response_access_control_expose_headers_header_value": "",
            "routing_http_response_access_control_max_age_header_value": "",
            "routing_http_response_content_security_policy_header_value": "",
            "routing_http_response_server_enabled": true,
            "routing_http_response_strict_transport_security_header_value": "",
            "routing_http_response_x_content_type_options_header_value": "",
            "routing_http_response_x_frame_options_header_value": "",
            "ssl_policy": "ELBSecurityPolicy-2016-08",
            "tags": {},
            "tags_all": {},
            "tcp_idle_timeout_seconds": null,
            "timeouts": null
          },
          "sensitive_attributes": [],
          "private": "eyJlMmJmYjczMC1lY2FhLTExZTYtOGY4OC0zNDM2M2JjN2M0YzAiOnsiY3JlYXRlIjozMDAwMDAwMDAwMDAsInVwZGF0ZSI6MzAwMDAwMDAwMDAwfX0=",
          "dependencies": [
            "data.aws_route53_zone.selected",
            "module.alb.aws_lb.main",
            "module.dns.aws_acm_certificate.app_cert",
            "module.dns.aws_acm_certificate_validation.app_cert_validation",
            "module.dns.aws_route53_record.app_cert_validation",
            "module.security_groups.aws_security_group.alb_sg",
            "module.vpc.aws_subnet.public",
            "module.vpc.aws_vpc.main",
            "module.vpc.data.aws_availability_zones.available"
          ]
        }
      ]
    },
    {
      "module": "module.alb",
      "mode": "managed",
      "type": "aws_lb_listener_certificate",
      "name": "bi_tool_listener_cert",
      "provider": "provider[\"registry.terraform.io/hashicorp/aws\"]",
      "instances": [
        {
          "schema_version": 0,
          "attributes": {
            "certificate_arn": "arn:aws:acm:eu-north-1:762293625313:certificate/a34b4322-762f-450b-9e6e-52f88dad4f9a",
            "id": "arn:aws:elasticloadbalancing:eu-north-1:762293625313:listener/app/hina-cloud-project-alb/5878a39a414146f1/c32079cf77572f64_arn:aws:acm:eu-north-1:762293625313:certificate/a34b4322-762f-450b-9e6e-52f88dad4f9a",
            "listener_arn": "arn:aws:elasticloadbalancing:eu-north-1:762293625313:listener/app/hina-cloud-project-alb/5878a39a414146f1/c32079cf77572f64"
          },
          "sensitive_attributes": [],
          "private": "bnVsbA==",
          "dependencies": [
            "data.aws_route53_zone.selected",
            "module.alb.aws_lb.main",
            "module.alb.aws_lb_listener.https",
            "module.dns.aws_acm_certificate.app_cert",
            "module.dns.aws_acm_certificate.bi_tool_cert",
            "module.dns.aws_acm_certificate_validation.app_cert_validation",
            "module.dns.aws_acm_certificate_validation.bi_tool_cert_validation",
            "module.dns.aws_route53_record.app_cert_validation",
            "module.dns.aws_route53_record.bi_tool_cert_validation",
            "module.security_groups.aws_security_group.alb_sg",
            "module.vpc.aws_subnet.public",
            "module.vpc.aws_vpc.main",
            "module.vpc.data.aws_availability_zones.available"
          ]
        }
      ]
    },
    {
      "module": "module.alb",
      "mode": "managed",
      "type": "aws_lb_listener_rule",
      "name": "bi_tool_rule",
      "provider": "provider[\"registry.terraform.io/hashicorp/aws\"]",
      "instances": [
        {
          "schema_version": 0,
          "attributes": {
            "action": [
              {
                "authenticate_cognito": [],
                "authenticate_oidc": [],
                "fixed_response": [],
                "forward": [],
                "order": 1,
                "redirect": [],
                "target_group_arn": "arn:aws:elasticloadbalancing:eu-north-1:762293625313:targetgroup/hina-cloud-project-bi-tool-tg/c104be0e86d33465",
                "type": "forward"
              }
            ],
            "arn": "arn:aws:elasticloadbalancing:eu-north-1:762293625313:listener-rule/app/hina-cloud-project-alb/5878a39a414146f1/c32079cf77572f64/1e915fa7792a7958",
            "condition": [
              {
                "host_header": [
                  {
                    "values": [
                      "hina-bi.codelessops.site"
                    ]
                  }
                ],
                "http_header": [],
                "http_request_method": [],
                "path_pattern": [],
                "query_string": [],
                "source_ip": []
              }
            ],
            "id": "arn:aws:elasticloadbalancing:eu-north-1:762293625313:listener-rule/app/hina-cloud-project-alb/5878a39a414146f1/c32079cf77572f64/1e915fa7792a7958",
            "listener_arn": "arn:aws:elasticloadbalancing:eu-north-1:762293625313:listener/app/hina-cloud-project-alb/5878a39a414146f1/c32079cf77572f64",
            "priority": 200,
            "tags": {},
            "tags_all": {}
          },
          "sensitive_attributes": [],
          "private": "bnVsbA==",
          "dependencies": [
            "data.aws_route53_zone.selected",
            "module.alb.aws_lb.main",
            "module.alb.aws_lb_listener.https",
            "module.alb.aws_lb_target_group.bi_tool_tg",
            "module.dns.aws_acm_certificate.app_cert",
            "module.dns.aws_acm_certificate_validation.app_cert_validation",
            "module.dns.aws_route53_record.app_cert_validation",
            "module.security_groups.aws_security_group.alb_sg",
            "module.vpc.aws_subnet.public",
            "module.vpc.aws_vpc.main",
            "module.vpc.data.aws_availability_zones.available"
          ]
        }
      ]
    },
    {
      "module": "module.alb",
      "mode": "managed",
      "type": "aws_lb_listener_rule",
      "name": "web_app_rule",
      "provider": "provider[\"registry.terraform.io/hashicorp/aws\"]",
      "instances": [
        {
          "schema_version": 0,
          "attributes": {
            "action": [
              {
                "authenticate_cognito": [],
                "authenticate_oidc": [],
                "fixed_response": [],
                "forward": [],
                "order": 1,
                "redirect": [],
                "target_group_arn": "arn:aws:elasticloadbalancing:eu-north-1:762293625313:targetgroup/hina-cloud-project-web-app-tg/2512ef25ad1fb530",
                "type": "forward"
              }
            ],
            "arn": "arn:aws:elasticloadbalancing:eu-north-1:762293625313:listener-rule/app/hina-cloud-project-alb/5878a39a414146f1/c32079cf77572f64/8d22234824870dc5",
            "condition": [
              {
                "host_header": [
                  {
                    "values": [
                      "hina-app.codelessops.site"
                    ]
                  }
                ],
                "http_header": [],
                "http_request_method": [],
                "path_pattern": [],
                "query_string": [],
                "source_ip": []
              }
            ],
            "id": "arn:aws:elasticloadbalancing:eu-north-1:762293625313:listener-rule/app/hina-cloud-project-alb/5878a39a414146f1/c32079cf77572f64/8d22234824870dc5",
            "listener_arn": "arn:aws:elasticloadbalancing:eu-north-1:762293625313:listener/app/hina-cloud-project-alb/5878a39a414146f1/c32079cf77572f64",
            "priority": 100,
            "tags": {},
            "tags_all": {}
          },
          "sensitive_attributes": [],
          "private": "bnVsbA==",
          "dependencies": [
            "data.aws_route53_zone.selected",
            "module.alb.aws_lb.main",
            "module.alb.aws_lb_listener.https",
            "module.alb.aws_lb_target_group.web_app_tg",
            "module.dns.aws_acm_certificate.app_cert",
            "module.dns.aws_acm_certificate_validation.app_cert_validation",
            "module.dns.aws_route53_record.app_cert_validation",
            "module.security_groups.aws_security_group.alb_sg",
            "module.vpc.aws_subnet.public",
            "module.vpc.aws_vpc.main",
            "module.vpc.data.aws_availability_zones.available"
          ]
        }
      ]
    },
    {
      "module": "module.alb",
      "mode": "managed",
      "type": "aws_lb_target_group",
      "name": "bi_tool_tg",
      "provider": "provider[\"registry.terraform.io/hashicorp/aws\"]",
      "instances": [
        {
          "schema_version": 0,
          "attributes": {
            "arn": "arn:aws:elasticloadbalancing:eu-north-1:762293625313:targetgroup/hina-cloud-project-bi-tool-tg/c104be0e86d33465",
            "arn_suffix": "targetgroup/hina-cloud-project-bi-tool-tg/c104be0e86d33465",
            "connection_termination": null,
            "deregistration_delay": "300",
            "health_check": [
              {
                "enabled": true,
                "healthy_threshold": 2,
                "interval": 30,
                "matcher": "200-399",
                "path": "/",
                "port": "traffic-port",
                "protocol": "HTTP",
                "timeout": 5,
                "unhealthy_threshold": 2
              }
            ],
            "id": "arn:aws:elasticloadbalancing:eu-north-1:762293625313:targetgroup/hina-cloud-project-bi-tool-tg/c104be0e86d33465",
            "ip_address_type": "ipv4",
            "lambda_multi_value_headers_enabled": false,
            "load_balancer_arns": [
              "arn:aws:elasticloadbalancing:eu-north-1:762293625313:loadbalancer/app/hina-cloud-project-alb/5878a39a414146f1"
            ],
            "load_balancing_algorithm_type": "round_robin",
            "load_balancing_anomaly_mitigation": "off",
            "load_balancing_cross_zone_enabled": "use_load_balancer_configuration",
            "name": "hina-cloud-project-bi-tool-tg",
            "name_prefix": "",
            "port": 3000,
            "preserve_client_ip": null,
            "protocol": "HTTP",
            "protocol_version": "HTTP1",
            "proxy_protocol_v2": false,
            "slow_start": 0,
            "stickiness": [
              {
                "cookie_duration": 86400,
                "cookie_name": "",
                "enabled": false,
                "type": "lb_cookie"
              }
            ],
            "tags": {
              "Name": "hina-cloud-project-bi-tool-tg",
              "Project": "hina-cloud-project"
            },
            "tags_all": {
              "Name": "hina-cloud-project-bi-tool-tg",
              "Project": "hina-cloud-project"
            },
            "target_failover": [
              {
                "on_deregistration": null,
                "on_unhealthy": null
              }
            ],
            "target_group_health": [
              {
                "dns_failover": [
                  {
                    "minimum_healthy_targets_count": "1",
                    "minimum_healthy_targets_percentage": "off"
                  }
                ],
                "unhealthy_state_routing": [
                  {
                    "minimum_healthy_targets_count": 1,
                    "minimum_healthy_targets_percentage": "off"
                  }
                ]
              }
            ],
            "target_health_state": [
              {
                "enable_unhealthy_connection_termination": null,
                "unhealthy_draining_interval": null
              }
            ],
            "target_type": "instance",
            "vpc_id": "vpc-02d9f41363eeac17d"
          },
          "sensitive_attributes": [],
          "private": "bnVsbA==",
          "dependencies": [
            "module.vpc.aws_vpc.main"
          ]
        }
      ]
    },
    {
      "module": "module.alb",
      "mode": "managed",
      "type": "aws_lb_target_group",
      "name": "web_app_tg",
      "provider": "provider[\"registry.terraform.io/hashicorp/aws\"]",
      "instances": [
        {
          "schema_version": 0,
          "attributes": {
            "arn": "arn:aws:elasticloadbalancing:eu-north-1:762293625313:targetgroup/hina-cloud-project-web-app-tg/2512ef25ad1fb530",
            "arn_suffix": "targetgroup/hina-cloud-project-web-app-tg/2512ef25ad1fb530",
            "connection_termination": null,
            "deregistration_delay": "300",
            "health_check": [
              {
                "enabled": true,
                "healthy_threshold": 2,
                "interval": 30,
                "matcher": "200-399",
                "path": "/",
                "port": "traffic-port",
                "protocol": "HTTP",
                "timeout": 5,
                "unhealthy_threshold": 2
              }
            ],
            "id": "arn:aws:elasticloadbalancing:eu-north-1:762293625313:targetgroup/hina-cloud-project-web-app-tg/2512ef25ad1fb530",
            "ip_address_type": "ipv4",
            "lambda_multi_value_headers_enabled": false,
            "load_balancer_arns": [
              "arn:aws:elasticloadbalancing:eu-north-1:762293625313:loadbalancer/app/hina-cloud-project-alb/5878a39a414146f1"
            ],
            "load_balancing_algorithm_type": "round_robin",
            "load_balancing_anomaly_mitigation": "off",
            "load_balancing_cross_zone_enabled": "use_load_balancer_configuration",
            "name": "hina-cloud-project-web-app-tg",
            "name_prefix": "",
            "port": 80,
            "preserve_client_ip": null,
            "protocol": "HTTP",
            "protocol_version": "HTTP1",
            "proxy_protocol_v2": false,
            "slow_start": 0,
            "stickiness": [
              {
                "cookie_duration": 86400,
                "cookie_name": "",
                "enabled": false,
                "type": "lb_cookie"
              }
            ],
            "tags": {
              "Name": "hina-cloud-project-web-app-tg",
              "Project": "hina-cloud-project"
            },
            "tags_all": {
              "Name": "hina-cloud-project-web-app-tg",
              "Project": "hina-cloud-project"
            },
            "target_failover": [
              {
                "on_deregistration": null,
                "on_unhealthy": null
              }
            ],
            "target_group_health": [
              {
                "dns_failover": [
                  {
                    "minimum_healthy_targets_count": "1",
                    "minimum_healthy_targets_percentage": "off"
                  }
                ],
                "unhealthy_state_routing": [
                  {
                    "minimum_healthy_targets_count": 1,
                    "minimum_healthy_targets_percentage": "off"
                  }
                ]
              }
            ],
            "target_health_state": [
              {
                "enable_unhealthy_connection_termination": null,
                "unhealthy_draining_interval": null
              }
            ],
            "target_type": "instance",
            "vpc_id": "vpc-02d9f41363eeac17d"
          },
          "sensitive_attributes": [],
          "private": "bnVsbA==",
          "dependencies": [
            "module.vpc.aws_vpc.main"
          ]
        }
      ]
    },
    {
      "module": "module.alb",
      "mode": "managed",
      "type": "aws_lb_target_group_attachment",
      "name": "bi_tool_attachment",
      "provider": "provider[\"registry.terraform.io/hashicorp/aws\"]",
      "instances": [
        {
          "schema_version": 0,
          "attributes": {
            "availability_zone": null,
            "id": "arn:aws:elasticloadbalancing:eu-north-1:762293625313:targetgroup/hina-cloud-project-bi-tool-tg/c104be0e86d33465-20250613085747427700000005",
            "port": 3000,
            "target_group_arn": "arn:aws:elasticloadbalancing:eu-north-1:762293625313:targetgroup/hina-cloud-project-bi-tool-tg/c104be0e86d33465",
            "target_id": "i-0d747589bc7933990"
          },
          "sensitive_attributes": [],
          "private": "bnVsbA==",
          "dependencies": [
            "module.alb.aws_lb_target_group.bi_tool_tg",
            "module.ec2.aws_instance.bi_tool_instance",
            "module.rds.aws_db_instance.postgresql_db",
            "module.rds.aws_db_subnet_group.main",
            "module.security_groups.aws_iam_instance_profile.ec2_instance_profile",
            "module.security_groups.aws_iam_role.ec2_instance_role",
            "module.security_groups.aws_security_group.alb_sg",
            "module.security_groups.aws_security_group.bi_tool_sg",
            "module.security_groups.aws_security_group.rds_postgresql_sg",
            "module.security_groups.aws_security_group.web_app_sg",
            "module.vpc.aws_subnet.private",
            "module.vpc.aws_subnet.public",
            "module.vpc.aws_vpc.main",
            "module.vpc.data.aws_availability_zones.available"
          ]
        }
      ]
    },
    {
      "module": "module.dns",
      "mode": "managed",
      "type": "aws_acm_certificate",
      "name": "app_cert",
      "provider": "provider[\"registry.terraform.io/hashicorp/aws\"]",
      "instances": [
        {
          "schema_version": 0,
          "attributes": {
            "arn": "arn:aws:acm:eu-north-1:762293625313:certificate/f795f553-c418-4896-97c8-4808461ec34e",
            "certificate_authority_arn": "",
            "certificate_body": null,
            "certificate_chain": null,
            "domain_name": "hina-app.codelessops.site",
            "domain_validation_options": [
              {
                "domain_name": "hina-app.codelessops.site",
                "resource_record_name": "_24abb73014a33c9e405df3beca20bf48.hina-app.codelessops.site.",
                "resource_record_type": "CNAME",
                "resource_record_value": "_4a5e12f86faa48746e665138e7aa3c29.xlfgrmvvlj.acm-validations.aws."
              }
            ],
            "early_renewal_duration": "",
            "id": "arn:aws:acm:eu-north-1:762293625313:certificate/f795f553-c418-4896-97c8-4808461ec34e",
            "key_algorithm": "RSA_2048",
            "not_after": "2026-07-12T23:59:59Z",
            "not_before": "2025-06-13T00:00:00Z",
            "options": [
              {
                "certificate_transparency_logging_preference": "ENABLED"
              }
            ],
            "pending_renewal": false,
            "private_key": null,
            "renewal_eligibility": "ELIGIBLE",
            "renewal_summary": [],
            "status": "ISSUED",
            "subject_alternative_names": [
              "hina-app.codelessops.site"
            ],
            "tags": {
              "Name": "hina-cloud-project-app-cert",
              "Project": "hina-cloud-project"
            },
            "tags_all": {
              "Name": "hina-cloud-project-app-cert",
              "Project": "hina-cloud-project"
            },
            "type": "AMAZON_ISSUED",
            "validation_emails": [],
            "validation_method": "DNS",
            "validation_option": []
          },
          "sensitive_attributes": [
            [
              {
                "type": "get_attr",
                "value": "private_key"
              }
            ]
          ],
          "private": "bnVsbA==",
          "create_before_destroy": true
        }
      ]
    },
    {
      "module": "module.dns",
      "mode": "managed",
      "type": "aws_acm_certificate",
      "name": "bi_tool_cert",
      "provider": "provider[\"registry.terraform.io/hashicorp/aws\"]",
      "instances": [
        {
          "schema_version": 0,
          "attributes": {
            "arn": "arn:aws:acm:eu-north-1:762293625313:certificate/a34b4322-762f-450b-9e6e-52f88dad4f9a",
            "certificate_authority_arn": "",
            "certificate_body": null,
            "certificate_chain": null,
            "domain_name": "hina-bi.codelessops.site",
            "domain_validation_options": [
              {
                "domain_name": "hina-bi.codelessops.site",
                "resource_record_name": "_494ae76dc0f403129dc9fdede08799f9.hina-bi.codelessops.site.",
                "resource_record_type": "CNAME",
                "resource_record_value": "_a5bf429ec98afe569952849f5d09dc0e.xlfgrmvvlj.acm-validations.aws."
              }
            ],
            "early_renewal_duration": "",
            "id": "arn:aws:acm:eu-north-1:762293625313:certificate/a34b4322-762f-450b-9e6e-52f88dad4f9a",
            "key_algorithm": "RSA_2048",
            "not_after": "2026-07-12T23:59:59Z",
            "not_before": "2025-06-13T00:00:00Z",
            "options": [
              {
                "certificate_transparency_logging_preference": "ENABLED"
              }
            ],
            "pending_renewal": false,
            "private_key": null,
            "renewal_eligibility": "ELIGIBLE",
            "renewal_summary": [],
            "status": "ISSUED",
            "subject_alternative_names": [
              "hina-bi.codelessops.site"
            ],
            "tags": {
              "Name": "hina-cloud-project-bi-tool-cert",
              "Project": "hina-cloud-project"
            },
            "tags_all": {
              "Name": "hina-cloud-project-bi-tool-cert",
              "Project": "hina-cloud-project"
            },
            "type": "AMAZON_ISSUED",
            "validation_emails": [],
            "validation_method": "DNS",
            "validation_option": []
          },
          "sensitive_attributes": [
            [
              {
                "type": "get_attr",
                "value": "private_key"
              }
            ]
          ],
          "private": "bnVsbA==",
          "create_before_destroy": true
        }
      ]
    },
    {
      "module": "module.dns",
      "mode": "managed",
      "type": "aws_acm_certificate_validation",
      "name": "app_cert_validation",
      "provider": "provider[\"registry.terraform.io/hashicorp/aws\"]",
      "instances": [
        {
          "schema_version": 0,
          "attributes": {
            "certificate_arn": "arn:aws:acm:eu-north-1:762293625313:certificate/f795f553-c418-4896-97c8-4808461ec34e",
            "id": "2025-06-13 08:31:38.567 +0000 UTC",
            "timeouts": null,
            "validation_record_fqdns": [
              "_24abb73014a33c9e405df3beca20bf48.hina-app.codelessops.site"
            ]
          },
          "sensitive_attributes": [],
          "private": "eyJlMmJmYjczMC1lY2FhLTExZTYtOGY4OC0zNDM2M2JjN2M0YzAiOnsiY3JlYXRlIjo0NTAwMDAwMDAwMDAwfX0=",
          "dependencies": [
            "data.aws_route53_zone.selected",
            "module.dns.aws_acm_certificate.app_cert",
            "module.dns.aws_route53_record.app_cert_validation"
          ]
        }
      ]
    },
    {
      "module": "module.dns",
      "mode": "managed",
      "type": "aws_acm_certificate_validation",
      "name": "bi_tool_cert_validation",
      "provider": "provider[\"registry.terraform.io/hashicorp/aws\"]",
      "instances": [
        {
          "schema_version": 0,
          "attributes": {
            "certificate_arn": "arn:aws:acm:eu-north-1:762293625313:certificate/a34b4322-762f-450b-9e6e-52f88dad4f9a",
            "id": "2025-06-13 08:31:38.201 +0000 UTC",
            "timeouts": null,
            "validation_record_fqdns": [
              "_494ae76dc0f403129dc9fdede08799f9.hina-bi.codelessops.site"
            ]
          },
          "sensitive_attributes": [],
          "private": "eyJlMmJmYjczMC1lY2FhLTExZTYtOGY4OC0zNDM2M2JjN2M0YzAiOnsiY3JlYXRlIjo0NTAwMDAwMDAwMDAwfX0=",
          "dependencies": [
            "data.aws_route53_zone.selected",
            "module.dns.aws_acm_certificate.bi_tool_cert",
            "module.dns.aws_route53_record.bi_tool_cert_validation"
          ]
        }
      ]
    },
    {
      "module": "module.dns",
      "mode": "managed",
      "type": "aws_route53_record",
      "name": "app_cert_validation",
      "provider": "provider[\"registry.terraform.io/hashicorp/aws\"]",
      "instances": [
        {
          "index_key": "hina-app.codelessops.site",
          "schema_version": 2,
          "attributes": {
            "alias": [],
            "allow_overwrite": null,
            "cidr_routing_policy": [],
            "failover_routing_policy": [],
            "fqdn": "_24abb73014a33c9e405df3beca20bf48.hina-app.codelessops.site",
            "geolocation_routing_policy": [],
            "geoproximity_routing_policy": [],
            "health_check_id": "",
            "id": "Z0198126PCSHG2JY84ZH__24abb73014a33c9e405df3beca20bf48.hina-app.codelessops.site._CNAME",
            "latency_routing_policy": [],
            "multivalue_answer_routing_policy": false,
            "name": "_24abb73014a33c9e405df3beca20bf48.hina-app.codelessops.site",
            "records": [
              "_4a5e12f86faa48746e665138e7aa3c29.xlfgrmvvlj.acm-validations.aws."
            ],
            "set_identifier": "",
            "timeouts": null,
            "ttl": 60,
            "type": "CNAME",
            "weighted_routing_policy": [],
            "zone_id": "Z0198126PCSHG2JY84ZH"
          },
          "sensitive_attributes": [],
          "private": "eyJlMmJmYjczMC1lY2FhLTExZTYtOGY4OC0zNDM2M2JjN2M0YzAiOnsiY3JlYXRlIjoxODAwMDAwMDAwMDAwLCJkZWxldGUiOjE4MDAwMDAwMDAwMDAsInVwZGF0ZSI6MTgwMDAwMDAwMDAwMH0sInNjaGVtYV92ZXJzaW9uIjoiMiJ9",
          "dependencies": [
            "data.aws_route53_zone.selected",
            "module.dns.aws_acm_certificate.app_cert"
          ]
        }
      ]
    },
    {
      "module": "module.dns",
      "mode": "managed",
      "type": "aws_route53_record",
      "name": "app_dns_record",
      "provider": "provider[\"registry.terraform.io/hashicorp/aws\"]",
      "instances": [
        {
          "schema_version": 2,
          "attributes": {
            "alias": [
              {
                "evaluate_target_health": true,
                "name": "hina-cloud-project-alb-560215309.eu-north-1.elb.amazonaws.com",
                "zone_id": "Z23TAZ6LKFMNIO"
              }
            ],
            "allow_overwrite": null,
            "cidr_routing_policy": [],
            "failover_routing_policy": [],
            "fqdn": "hina-app.codelessops.site",
            "geolocation_routing_policy": [],
            "geoproximity_routing_policy": [],
            "health_check_id": "",
            "id": "Z0198126PCSHG2JY84ZH_hina-app.codelessops.site_A",
            "latency_routing_policy": [],
            "multivalue_answer_routing_policy": false,
            "name": "hina-app.codelessops.site",
            "records": [],
            "set_identifier": "",
            "timeouts": null,
            "ttl": 0,
            "type": "A",
            "weighted_routing_policy": [],
            "zone_id": "Z0198126PCSHG2JY84ZH"
          },
          "sensitive_attributes": [],
          "private": "eyJlMmJmYjczMC1lY2FhLTExZTYtOGY4OC0zNDM2M2JjN2M0YzAiOnsiY3JlYXRlIjoxODAwMDAwMDAwMDAwLCJkZWxldGUiOjE4MDAwMDAwMDAwMDAsInVwZGF0ZSI6MTgwMDAwMDAwMDAwMH0sInNjaGVtYV92ZXJzaW9uIjoiMiJ9",
          "dependencies": [
            "data.aws_route53_zone.selected",
            "module.alb.aws_lb.main",
            "module.security_groups.aws_security_group.alb_sg",
            "module.vpc.aws_subnet.public",
            "module.vpc.aws_vpc.main",
            "module.vpc.data.aws_availability_zones.available"
          ]
        }
      ]
    },
    {
      "module": "module.dns",
      "mode": "managed",
      "type": "aws_route53_record",
      "name": "bi_tool_cert_validation",
      "provider": "provider[\"registry.terraform.io/hashicorp/aws\"]",
      "instances": [
        {
          "index_key": "hina-bi.codelessops.site",
          "schema_version": 2,
          "attributes": {
            "alias": [],
            "allow_overwrite": null,
            "cidr_routing_policy": [],
            "failover_routing_policy": [],
            "fqdn": "_494ae76dc0f403129dc9fdede08799f9.hina-bi.codelessops.site",
            "geolocation_routing_policy": [],
            "geoproximity_routing_policy": [],
            "health_check_id": "",
            "id": "Z0198126PCSHG2JY84ZH__494ae76dc0f403129dc9fdede08799f9.hina-bi.codelessops.site._CNAME",
            "latency_routing_policy": [],
            "multivalue_answer_routing_policy": false,
            "name": "_494ae76dc0f403129dc9fdede08799f9.hina-bi.codelessops.site",
            "records": [
              "_a5bf429ec98afe569952849f5d09dc0e.xlfgrmvvlj.acm-validations.aws."
            ],
            "set_identifier": "",
            "timeouts": null,
            "ttl": 60,
            "type": "CNAME",
            "weighted_routing_policy": [],
            "zone_id": "Z0198126PCSHG2JY84ZH"
          },
          "sensitive_attributes": [],
          "private": "eyJlMmJmYjczMC1lY2FhLTExZTYtOGY4OC0zNDM2M2JjN2M0YzAiOnsiY3JlYXRlIjoxODAwMDAwMDAwMDAwLCJkZWxldGUiOjE4MDAwMDAwMDAwMDAsInVwZGF0ZSI6MTgwMDAwMDAwMDAwMH0sInNjaGVtYV92ZXJzaW9uIjoiMiJ9",
          "dependencies": [
            "data.aws_route53_zone.selected",
            "module.dns.aws_acm_certificate.bi_tool_cert"
          ]
        }
      ]
    },
    {
      "module": "module.dns",
      "mode": "managed",
      "type": "aws_route53_record",
      "name": "bi_tool_dns_record",
      "provider": "provider[\"registry.terraform.io/hashicorp/aws\"]",
      "instances": [
        {
          "schema_version": 2,
          "attributes": {
            "alias": [
              {
                "evaluate_target_health": true,
                "name": "hina-cloud-project-alb-560215309.eu-north-1.elb.amazonaws.com",
                "zone_id": "Z23TAZ6LKFMNIO"
              }
            ],
            "allow_overwrite": null,
            "cidr_routing_policy": [],
            "failover_routing_policy": [],
            "fqdn": "hina-bi.codelessops.site",
            "geolocation_routing_policy": [],
            "geoproximity_routing_policy": [],
            "health_check_id": "",
            "id": "Z0198126PCSHG2JY84ZH_hina-bi.codelessops.site_A",
            "latency_routing_policy": [],
            "multivalue_answer_routing_policy": false,
            "name": "hina-bi.codelessops.site",
            "records": [],
            "set_identifier": "",
            "timeouts": null,
            "ttl": 0,
            "type": "A",
            "weighted_routing_policy": [],
            "zone_id": "Z0198126PCSHG2JY84ZH"
          },
          "sensitive_attributes": [],
          "private": "eyJlMmJmYjczMC1lY2FhLTExZTYtOGY4OC0zNDM2M2JjN2M0YzAiOnsiY3JlYXRlIjoxODAwMDAwMDAwMDAwLCJkZWxldGUiOjE4MDAwMDAwMDAwMDAsInVwZGF0ZSI6MTgwMDAwMDAwMDAwMH0sInNjaGVtYV92ZXJzaW9uIjoiMiJ9",
          "dependencies": [
            "data.aws_route53_zone.selected",
            "module.alb.aws_lb.main",
            "module.security_groups.aws_security_group.alb_sg",
            "module.vpc.aws_subnet.public",
            "module.vpc.aws_vpc.main",
            "module.vpc.data.aws_availability_zones.available"
          ]
        }
      ]
    },
    {
      "module": "module.ec2",
      "mode": "managed",
      "type": "aws_eip",
      "name": "bi_tool_eip",
      "provider": "provider[\"registry.terraform.io/hashicorp/aws\"]",
      "instances": [
        {
          "schema_version": 0,
          "attributes": {
            "address": null,
            "allocation_id": "eipalloc-0b90bd9dbee69a462",
            "arn": "arn:aws:ec2:eu-north-1:762293625313:elastic-ip/eipalloc-0b90bd9dbee69a462",
            "associate_with_private_ip": null,
            "association_id": "",
            "carrier_ip": "",
            "customer_owned_ip": "",
            "customer_owned_ipv4_pool": "",
            "domain": "vpc",
            "id": "eipalloc-0b90bd9dbee69a462",
            "instance": "",
            "ipam_pool_id": null,
            "network_border_group": "eu-north-1",
            "network_interface": "",
            "private_dns": null,
            "private_ip": "",
            "ptr_record": "",
            "public_dns": "ec2-13-61-134-82.eu-north-1.compute.amazonaws.com",
            "public_ip": "13.61.134.82",
            "public_ipv4_pool": "amazon",
            "tags": {
              "Name": "hina-cloud-project-bi-tool-eip",
              "Project": "hina-cloud-project"
            },
            "tags_all": {
              "Name": "hina-cloud-project-bi-tool-eip",
              "Project": "hina-cloud-project"
            },
            "timeouts": null,
            "vpc": true
          },
          "sensitive_attributes": [],
          "private": "eyJlMmJmYjczMC1lY2FhLTExZTYtOGY4OC0zNDM2M2JjN2M0YzAiOnsiZGVsZXRlIjoxODAwMDAwMDAwMDAsInJlYWQiOjkwMDAwMDAwMDAwMCwidXBkYXRlIjozMDAwMDAwMDAwMDB9fQ=="
        }
      ]
    },
    {
      "module": "module.ec2",
      "mode": "managed",
      "type": "aws_instance",
      "name": "bi_tool_instance",
      "provider": "provider[\"registry.terraform.io/hashicorp/aws\"]",
      "instances": [
        {
          "schema_version": 1,
          "attributes": {
            "ami": "ami-006b4a3ad5f56fbd6",
            "arn": "arn:aws:ec2:eu-north-1:762293625313:instance/i-0d747589bc7933990",
            "associate_public_ip_address": true,
            "availability_zone": "eu-north-1a",
            "capacity_reservation_specification": [
              {
                "capacity_reservation_preference": "open",
                "capacity_reservation_target": []
              }
            ],
            "cpu_core_count": 1,
            "cpu_options": [
              {
                "amd_sev_snp": "",
                "core_count": 1,
                "threads_per_core": 2
              }
            ],
            "cpu_threads_per_core": 2,
            "credit_specification": [
              {
                "cpu_credits": "unlimited"
              }
            ],
            "disable_api_stop": false,
            "disable_api_termination": false,
            "ebs_block_device": [],
            "ebs_optimized": false,
            "enable_primary_ipv6": null,
            "enclave_options": [
              {
                "enabled": false
              }
            ],
            "ephemeral_block_device": [],
            "get_password_data": false,
            "hibernation": false,
            "host_id": "",
            "host_resource_group_arn": null,
            "iam_instance_profile": "hina-cloud-project-ec2-instance-profile",
            "id": "i-0d747589bc7933990",
            "instance_initiated_shutdown_behavior": "stop",
            "instance_lifecycle": "",
            "instance_market_options": [],
            "instance_state": "running",
            "instance_type": "t3.medium",
            "ipv6_address_count": 0,
            "ipv6_addresses": [],
            "key_name": "hina-key",
            "launch_template": [],
            "maintenance_options": [
              {
                "auto_recovery": "default"
              }
            ],
            "metadata_options": [
              {
                "http_endpoint": "enabled",
                "http_protocol_ipv6": "disabled",
                "http_put_response_hop_limit": 2,
                "http_tokens": "required",
                "instance_metadata_tags": "disabled"
              }
            ],
            "monitoring": false,
            "network_interface": [],
            "outpost_arn": "",
            "password_data": "",
            "placement_group": "",
            "placement_partition_number": 0,
            "primary_network_interface_id": "eni-063299739e1d95f66",
            "private_dns": "ip-10-0-1-76.eu-north-1.compute.internal",
            "private_dns_name_options": [
              {
                "enable_resource_name_dns_a_record": false,
                "enable_resource_name_dns_aaaa_record": false,
                "hostname_type": "ip-name"
              }
            ],
            "private_ip": "10.0.1.76",
            "public_dns": "",
            "public_ip": "13.61.178.144",
            "root_block_device": [
              {
                "delete_on_termination": true,
                "device_name": "/dev/xvda",
                "encrypted": false,
                "iops": 3000,
                "kms_key_id": "",
                "tags": {},
                "tags_all": {},
                "throughput": 125,
                "volume_id": "vol-0533b2b4fbe59859d",
                "volume_size": 8,
                "volume_type": "gp3"
              }
            ],
            "secondary_private_ips": [],
            "security_groups": [],
            "source_dest_check": true,
            "spot_instance_request_id": "",
            "subnet_id": "subnet-03e2a5040bce6f4ec",
            "tags": {
              "Name": "hina-cloud-project-bi-tool-instance",
              "Project": "hina-cloud-project"
            },
            "tags_all": {
              "Name": "hina-cloud-project-bi-tool-instance",
              "Project": "hina-cloud-project"
            },
            "tenancy": "default",
            "timeouts": null,
            "user_data": "21819acb18f407e7a47d5e940ddbb3d59bbe5ebb",
            "user_data_base64": null,
            "user_data_replace_on_change": false,
            "volume_tags": null,
            "vpc_security_group_ids": [
              "sg-013021c26f31a2152"
            ]
          },
          "sensitive_attributes": [
            [
              {
                "type": "get_attr",
                "value": "user_data"
              }
            ]
          ],
          "private": "eyJlMmJmYjczMC1lY2FhLTExZTYtOGY4OC0zNDM2M2JjN2M0YzAiOnsiY3JlYXRlIjo2MDAwMDAwMDAwMDAsImRlbGV0ZSI6MTIwMDAwMDAwMDAwMCwicmVhZCI6OTAwMDAwMDAwMDAwLCJ1cGRhdGUiOjYwMDAwMDAwMDAwMH0sInNjaGVtYV92ZXJzaW9uIjoiMSJ9",
          "dependencies": [
            "module.rds.aws_db_instance.postgresql_db",
            "module.rds.aws_db_subnet_group.main",
            "module.security_groups.aws_iam_instance_profile.ec2_instance_profile",
            "module.security_groups.aws_iam_role.ec2_instance_role",
            "module.security_groups.aws_security_group.alb_sg",
            "module.security_groups.aws_security_group.bi_tool_sg",
            "module.security_groups.aws_security_group.rds_postgresql_sg",
            "module.security_groups.aws_security_group.web_app_sg",
            "module.vpc.aws_subnet.private",
            "module.vpc.aws_subnet.public",
            "module.vpc.aws_vpc.main",
            "module.vpc.data.aws_availability_zones.available"
          ]
        }
      ]
    },
    {
      "module": "module.ec2",
      "mode": "managed",
      "type": "aws_launch_template",
      "name": "web_app_launch_template",
      "provider": "provider[\"registry.terraform.io/hashicorp/aws\"]",
      "instances": [
        {
          "schema_version": 0,
          "attributes": {
            "arn": "arn:aws:ec2:eu-north-1:762293625313:launch-template/lt-0c1117d60089f93c1",
            "block_device_mappings": [],
            "capacity_reservation_specification": [],
            "cpu_options": [],
            "credit_specification": [],
            "default_version": 1,
            "description": "",
            "disable_api_stop": false,
            "disable_api_termination": false,
            "ebs_optimized": "",
            "elastic_gpu_specifications": [],
            "elastic_inference_accelerator": [],
            "enclave_options": [],
            "hibernation_options": [],
            "iam_instance_profile": [
              {
                "arn": "",
                "name": "hina-cloud-project-ec2-instance-profile"
              }
            ],
            "id": "lt-0c1117d60089f93c1",
            "image_id": "ami-006b4a3ad5f56fbd6",
            "instance_initiated_shutdown_behavior": "",
            "instance_market_options": [],
            "instance_requirements": [],
            "instance_type": "t3.medium",
            "kernel_id": "",
            "key_name": "hina-key",
            "latest_version": 1,
            "license_specification": [],
            "maintenance_options": [],
            "metadata_options": [],
            "monitoring": [],
            "name": "hina-cloud-project-web-app-lt20250613085731568200000002",
            "name_prefix": "hina-cloud-project-web-app-lt",
            "network_interfaces": [],
            "placement": [],
            "private_dns_name_options": [],
            "ram_disk_id": "",
            "security_group_names": null,
            "tag_specifications": [
              {
                "resource_type": "instance",
                "tags": {
                  "Name": "hina-cloud-project-web-app-instance",
                  "Project": "hina-cloud-project"
                }
              }
            ],
            "tags": null,
            "tags_all": {},
            "update_default_version": null,
            "user_data": "IyEvYmluL2Jhc2gKZWNobyAiU3RhcnRpbmcgdXNlciBkYXRhIHNjcmlwdCBmb3Igd2ViIGFwcC4uLiIKCiMgVXBkYXRlIHN5c3RlbSBwYWNrYWdlcwp5dW0gdXBkYXRlIC15CmVjaG8gIlN5c3RlbSBwYWNrYWdlcyB1cGRhdGVkLiIKCiMgSW5zdGFsbCBuZWNlc3NhcnkgcGFja2FnZXMKeXVtIGluc3RhbGwgLXkgbmdpbnggZG9ja2VyIGdpdAplY2hvICJOZ2lueCwgRG9ja2VyLCBHaXQgaW5zdGFsbGVkLiIKCiMgU3RhcnQgYW5kIGVuYWJsZSBEb2NrZXIKc3lzdGVtY3RsIHN0YXJ0IGRvY2tlcgpzeXN0ZW1jdGwgZW5hYmxlIGRvY2tlcgplY2hvICJEb2NrZXIgc3RhcnRlZCBhbmQgZW5hYmxlZC4iCgojIEFkZCBlYzItdXNlciB0byBkb2NrZXIgZ3JvdXAKdXNlcm1vZCAtYUcgZG9ja2VyIGVjMi11c2VyCmVjaG8gImVjMi11c2VyIGFkZGVkIHRvIGRvY2tlciBncm91cC4iCgojIENsb25lIEdpdEh1YiByZXBvc2l0b3J5ClJFUE9fVVJMPSJodHRwczovL2dpdGh1Yi5jb20vSGluYUZhcmhlZW4vbXlfcmVhY3RhcHAuZ2l0IgpBUFBfRElSPSIvaG9tZS9lYzItdXNlci93ZWJhcHAiCm1rZGlyIC1wICIkQVBQX0RJUiIKZ2l0IGNsb25lICIkUkVQT19VUkwiICIkQVBQX0RJUiIKY2hvd24gLVIgZWMyLXVzZXI6ZWMyLXVzZXIgIiRBUFBfRElSIgplY2hvICJHaXRIdWIgcmVwb3NpdG9yeSBjbG9uZWQgdG8gJEFQUF9ESVIuIgoKIyBCdWlsZCBhbmQgcnVuIERvY2tlciBjb250YWluZXIgYXMgZWMyLXVzZXIKc3UgLSBlYzItdXNlciAtYyAiY2QgJEFQUF9ESVIgJiYgZG9ja2VyIGJ1aWxkIC10IG15LXJlYWN0LWFwcCAuIgppZiBbICQ/IC1uZSAwIF07IHRoZW4KICBlY2hvICJEb2NrZXIgYnVpbGQgZmFpbGVkLiBFeGl0aW5nLiIKICBleGl0IDEKZmkKc3UgLSBlYzItdXNlciAtYyAiZG9ja2VyIHJ1biAtZCAtcCA4MDgwOjgwIC0tbmFtZSByZWFjdC13ZWIgbXktcmVhY3QtYXBwIgplY2hvICJEb2NrZXIgY29udGFpbmVyIGZvciB3ZWIgYXBwIGJ1aWx0IGFuZCBydW5uaW5nLiIKCiMgQ29uZmlndXJlIE5naW54IGFzIGEgcmV2ZXJzZSBwcm94eQpjYXQgPDxFT0YgPiAvZXRjL25naW54L25naW54LmNvbmYKdXNlciBuZ2lueDsKd29ya2VyX3Byb2Nlc3NlcyBhdXRvOwplcnJvcl9sb2cgL3Zhci9sb2cvbmdpbngvZXJyb3IubG9nOwpwaWQgL3J1bi9uZ2lueC5waWQ7CgppbmNsdWRlIC91c3Ivc2hhcmUvbmdpbngvbW9kdWxlcy8qLmNvbmY7CgpldmVudHMgewogICAgd29ya2VyX2Nvbm5lY3Rpb25zIDEwMjQ7Cn0KCmh0dHAgewogICAgbG9nX2Zvcm1hdCAgbWFpbiAgJ1wkcmVtb3RlX2FkZHIgLSBcJHJlbW90ZV91c2VyIFtcJHRpbWVfbG9jYWxdICJcJHJlcXVlc3QiICcKICAgICAgICAgICAgICAgICAgICAgICdcJHN0YXR1cyBcJGJvZHlfYnl0ZXNfc2VudCAiXCRodHRwX3JlZmVyZXIiICcKICAgICAgICAgICAgICAgICAgICAgICciXCRodHRwX3VzZXJfYWdlbnQiICJcJGh0dHBfeF9mb3J3YXJkZWRfZm9yIic7CgogICAgYWNjZXNzX2xvZyAgL3Zhci9sb2cvbmdpbngvYWNjZXNzLmxvZyAgbWFpbjsKCiAgICBzZW5kZmlsZSAgICAgICAgICAgIG9uOwogICAgdGNwX25vcHVzaCAgICAgICAgICBvbjsKICAgIHRjcF9ub2RlbGF5ICAgICAgICAgb247CiAgICBrZWVwYWxpdmVfdGltZW91dCAgIDY1OwogICAgdHlwZXNfaGFzaF9tYXhfc2l6ZSAyMDQ4OwoKICAgIGluY2x1ZGUgICAgICAgICAgICAgL2V0Yy9uZ2lueC9taW1lLnR5cGVzOwogICAgZGVmYXVsdF90eXBlICAgICAgICBhcHBsaWNhdGlvbi9vY3RldC1zdHJlYW07CgogICAgaW5jbHVkZSAvZXRjL25naW54L2NvbmYuZC8qLmNvbmY7CgogICAgc2VydmVyIHsKICAgICAgICBsaXN0ZW4gODA7CiAgICAgICAgc2VydmVyX25hbWUgXzsKCiAgICAgICAgbG9jYXRpb24gLyB7CiAgICAgICAgICAgIHByb3h5X3Bhc3MgaHR0cDovL2xvY2FsaG9zdDo4MDgwOwogICAgICAgICAgICBwcm94eV9odHRwX3ZlcnNpb24gMS4xOwogICAgICAgICAgICBwcm94eV9zZXRfaGVhZGVyIFVwZ3JhZGUgXCRodHRwX3VwZ3JhZGU7CiAgICAgICAgICAgIHByb3h5X3NldF9oZWFkZXIgQ29ubmVjdGlvbiAndXBncmFkZSc7CiAgICAgICAgICAgIHByb3h5X3NldF9oZWFkZXIgSG9zdCBcJGhvc3Q7CiAgICAgICAgICAgIHByb3h5X2NhY2hlX2J5cGFzcyBcJGh0dHBfdXBncmFkZTsKICAgICAgICAgICAgcHJveHlfc2V0X2hlYWRlciBYLVJlYWwtSVAgXCRyZW1vdGVfYWRkcjsKICAgICAgICAgICAgcHJveHlfc2V0X2hlYWRlciBYLUZvcndhcmRlZC1Gb3IgXCRwcm94eV9hZGRfeF9mb3J3YXJkZWRfZm9yOwogICAgICAgICAgICBwcm94eV9zZXRfaGVhZGVyIFgtRm9yd2FyZGVkLVByb3RvIFwkc2NoZW1lOwogICAgICAgIH0KICAgIH0KfQpFT0YKZWNobyAiTmdpbnggY29uZmlndXJhdGlvbiB1cGRhdGVkLiIKCnN5c3RlbWN0bCBzdGFydCBuZ2lueApzeXN0ZW1jdGwgZW5hYmxlIG5naW54CmVjaG8gIk5naW54IHN0YXJ0ZWQgYW5kIGVuYWJsZWQuIgoKZWNobyAiVXNlciBkYXRhIHNjcmlwdCBmb3Igd2ViIGFwcCBmaW5pc2hlZC4iCg==",
            "vpc_security_group_ids": [
              "sg-06bb5eef76a461a17"
            ]
          },
          "sensitive_attributes": [
            [
              {
                "type": "get_attr",
                "value": "user_data"
              }
            ]
          ],
          "private": "bnVsbA==",
          "dependencies": [
            "module.rds.aws_db_instance.mysql_db",
            "module.rds.aws_db_instance.postgresql_db",
            "module.rds.aws_db_subnet_group.main",
            "module.security_groups.aws_iam_instance_profile.ec2_instance_profile",
            "module.security_groups.aws_iam_role.ec2_instance_role",
            "module.security_groups.aws_security_group.alb_sg",
            "module.security_groups.aws_security_group.bi_tool_sg",
            "module.security_groups.aws_security_group.rds_mysql_sg",
            "module.security_groups.aws_security_group.rds_postgresql_sg",
            "module.security_groups.aws_security_group.web_app_sg",
            "module.vpc.aws_subnet.private",
            "module.vpc.aws_vpc.main",
            "module.vpc.data.aws_availability_zones.available"
          ]
        }
      ]
    },
    {
      "module": "module.rds",
      "mode": "managed",
      "type": "aws_db_instance",
      "name": "mysql_db",
      "provider": "provider[\"registry.terraform.io/hashicorp/aws\"]",
      "instances": [
        {
          "schema_version": 2,
          "attributes": {
            "address": "hina-cloud-project-mysql-db.crqiq028ih2b.eu-north-1.rds.amazonaws.com",
            "allocated_storage": 20,
            "allow_major_version_upgrade": null,
            "apply_immediately": false,
            "arn": "arn:aws:rds:eu-north-1:762293625313:db:hina-cloud-project-mysql-db",
            "auto_minor_version_upgrade": true,
            "availability_zone": "eu-north-1b",
            "backup_retention_period": 0,
            "backup_target": "region",
            "backup_window": "04:34-05:04",
            "blue_green_update": [],
            "ca_cert_identifier": "rds-ca-rsa2048-g1",
            "character_set_name": "",
            "copy_tags_to_snapshot": false,
            "custom_iam_instance_profile": "",
            "customer_owned_ip_enabled": false,
            "database_insights_mode": "standard",
            "db_name": "webappdb",
            "db_subnet_group_name": "hina-cloud-project-db-subnet-group",
            "dedicated_log_volume": false,
            "delete_automated_backups": true,
            "deletion_protection": false,
            "domain": "",
            "domain_auth_secret_arn": "",
            "domain_dns_ips": [],
            "domain_fqdn": "",
            "domain_iam_role_name": "",
            "domain_ou": "",
            "enabled_cloudwatch_logs_exports": [],
            "endpoint": "hina-cloud-project-mysql-db.crqiq028ih2b.eu-north-1.rds.amazonaws.com:3306",
            "engine": "mysql",
            "engine_lifecycle_support": "open-source-rds-extended-support",
            "engine_version": "8.0.35",
            "engine_version_actual": "8.0.35",
            "final_snapshot_identifier": null,
            "hosted_zone_id": "Z3MPDEQW7KHUGY",
            "iam_database_authentication_enabled": false,
            "id": "db-GGQEB4EIRCPDU5ROWCT3UYZGV4",
            "identifier": "hina-cloud-project-mysql-db",
            "identifier_prefix": "",
            "instance_class": "db.t3.micro",
            "iops": 0,
            "kms_key_id": "",
            "latest_restorable_time": "",
            "license_model": "general-public-license",
            "listener_endpoint": [],
            "maintenance_window": "sat:05:10-sat:05:40",
            "manage_master_user_password": null,
            "master_user_secret": [],
            "master_user_secret_kms_key_id": null,
            "max_allocated_storage": 0,
            "monitoring_interval": 0,
            "monitoring_role_arn": "",
            "multi_az": true,
            "nchar_character_set_name": "",
            "network_type": "IPV4",
            "option_group_name": "default:mysql-8-0",
            "parameter_group_name": "default.mysql8.0",
            "password": "StrongPass123!",
            "password_wo": null,
            "password_wo_version": null,
            "performance_insights_enabled": false,
            "performance_insights_kms_key_id": "",
            "performance_insights_retention_period": 0,
            "port": 3306,
            "publicly_accessible": false,
            "replica_mode": "",
            "replicas": [],
            "replicate_source_db": "",
            "resource_id": "db-GGQEB4EIRCPDU5ROWCT3UYZGV4",
            "restore_to_point_in_time": [],
            "s3_import": [],
            "skip_final_snapshot": true,
            "snapshot_identifier": null,
            "status": "available",
            "storage_encrypted": false,
            "storage_throughput": 0,
            "storage_type": "gp2",
            "tags": {
              "Name": "hina-cloud-project-mysql-db",
              "Project": "hina-cloud-project"
            },
            "tags_all": {
              "Name": "hina-cloud-project-mysql-db",
              "Project": "hina-cloud-project"
            },
            "timeouts": null,
            "timezone": "",
            "upgrade_storage_config": null,
            "username": "hina_rds_db",
            "vpc_security_group_ids": [
              "sg-025521cf407ee09f2"
            ]
          },
          "sensitive_attributes": [
            [
              {
                "type": "get_attr",
                "value": "password_wo"
              }
            ],
            [
              {
                "type": "get_attr",
                "value": "password"
              }
            ]
          ],
          "private": "eyJlMmJmYjczMC1lY2FhLTExZTYtOGY4OC0zNDM2M2JjN2M0YzAiOnsiY3JlYXRlIjozMDAwMDAwMDAwMDAwLCJkZWxldGUiOjM2MDAwMDAwMDAwMDAsInVwZGF0ZSI6NDgwMDAwMDAwMDAwMH0sInNjaGVtYV92ZXJzaW9uIjoiMiJ9",
          "dependencies": [
            "module.rds.aws_db_subnet_group.main",
            "module.security_groups.aws_security_group.alb_sg",
            "module.security_groups.aws_security_group.bi_tool_sg",
            "module.security_groups.aws_security_group.rds_mysql_sg",
            "module.security_groups.aws_security_group.web_app_sg",
            "module.vpc.aws_subnet.private",
            "module.vpc.aws_vpc.main",
            "module.vpc.data.aws_availability_zones.available"
          ]
        }
      ]
    },
    {
      "module": "module.rds",
      "mode": "managed",
      "type": "aws_db_instance",
      "name": "postgresql_db",
      "provider": "provider[\"registry.terraform.io/hashicorp/aws\"]",
      "instances": [
        {
          "schema_version": 2,
          "attributes": {
            "address": "hina-cloud-project-postgresql-db.crqiq028ih2b.eu-north-1.rds.amazonaws.com",
            "allocated_storage": 20,
            "allow_major_version_upgrade": null,
            "apply_immediately": false,
            "arn": "arn:aws:rds:eu-north-1:762293625313:db:hina-cloud-project-postgresql-db",
            "auto_minor_version_upgrade": true,
            "availability_zone": "eu-north-1b",
            "backup_retention_period": 0,
            "backup_target": "region",
            "backup_window": "03:49-04:19",
            "blue_green_update": [],
            "ca_cert_identifier": "rds-ca-rsa2048-g1",
            "character_set_name": "",
            "copy_tags_to_snapshot": false,
            "custom_iam_instance_profile": "",
            "customer_owned_ip_enabled": false,
            "database_insights_mode": "standard",
            "db_name": "bitool_db",
            "db_subnet_group_name": "hina-cloud-project-db-subnet-group",
            "dedicated_log_volume": false,
            "delete_automated_backups": true,
            "deletion_protection": false,
            "domain": "",
            "domain_auth_secret_arn": "",
            "domain_dns_ips": null,
            "domain_fqdn": "",
            "domain_iam_role_name": "",
            "domain_ou": "",
            "enabled_cloudwatch_logs_exports": null,
            "endpoint": "hina-cloud-project-postgresql-db.crqiq028ih2b.eu-north-1.rds.amazonaws.com:5432",
            "engine": "postgres",
            "engine_lifecycle_support": "open-source-rds-extended-support",
            "engine_version": "17.1",
            "engine_version_actual": "17.1",
            "final_snapshot_identifier": null,
            "hosted_zone_id": "Z3MPDEQW7KHUGY",
            "iam_database_authentication_enabled": false,
            "id": "db-HMCK6T6CMUDBIS6QPEC4PQHORA",
            "identifier": "hina-cloud-project-postgresql-db",
            "identifier_prefix": "",
            "instance_class": "db.t3.micro",
            "iops": 0,
            "kms_key_id": "",
            "latest_restorable_time": "",
            "license_model": "postgresql-license",
            "listener_endpoint": [],
            "maintenance_window": "wed:23:42-thu:00:12",
            "manage_master_user_password": null,
            "master_user_secret": [],
            "master_user_secret_kms_key_id": null,
            "max_allocated_storage": 0,
            "monitoring_interval": 0,
            "monitoring_role_arn": "",
            "multi_az": true,
            "nchar_character_set_name": "",
            "network_type": "IPV4",
            "option_group_name": "default:postgres-17",
            "parameter_group_name": "default.postgres17",
            "password": "StrongPass123!",
            "password_wo": null,
            "password_wo_version": null,
            "performance_insights_enabled": false,
            "performance_insights_kms_key_id": "",
            "performance_insights_retention_period": 0,
            "port": 5432,
            "publicly_accessible": false,
            "replica_mode": "",
            "replicas": [],
            "replicate_source_db": "",
            "resource_id": "db-HMCK6T6CMUDBIS6QPEC4PQHORA",
            "restore_to_point_in_time": [],
            "s3_import": [],
            "skip_final_snapshot": true,
            "snapshot_identifier": null,
            "status": "available",
            "storage_encrypted": false,
            "storage_throughput": 0,
            "storage_type": "gp2",
            "tags": {
              "Name": "hina-cloud-project-postgresql-db",
              "Project": "hina-cloud-project"
            },
            "tags_all": {
              "Name": "hina-cloud-project-postgresql-db",
              "Project": "hina-cloud-project"
            },
            "timeouts": null,
            "timezone": "",
            "upgrade_storage_config": null,
            "username": "hina_rds_db",
            "vpc_security_group_ids": [
              "sg-0b3110425a965af7d"
            ]
          },
          "sensitive_attributes": [
            [
              {
                "type": "get_attr",
                "value": "password"
              }
            ],
            [
              {
                "type": "get_attr",
                "value": "password_wo"
              }
            ]
          ],
          "private": "eyJlMmJmYjczMC1lY2FhLTExZTYtOGY4OC0zNDM2M2JjN2M0YzAiOnsiY3JlYXRlIjozMDAwMDAwMDAwMDAwLCJkZWxldGUiOjM2MDAwMDAwMDAwMDAsInVwZGF0ZSI6NDgwMDAwMDAwMDAwMH0sInNjaGVtYV92ZXJzaW9uIjoiMiJ9",
          "dependencies": [
            "module.rds.aws_db_subnet_group.main",
            "module.security_groups.aws_security_group.alb_sg",
            "module.security_groups.aws_security_group.bi_tool_sg",
            "module.security_groups.aws_security_group.rds_postgresql_sg",
            "module.security_groups.aws_security_group.web_app_sg",
            "module.vpc.aws_subnet.private",
            "module.vpc.aws_vpc.main",
            "module.vpc.data.aws_availability_zones.available"
          ]
        }
      ]
    },
    {
      "module": "module.rds",
      "mode": "managed",
      "type": "aws_db_subnet_group",
      "name": "main",
      "provider": "provider[\"registry.terraform.io/hashicorp/aws\"]",
      "instances": [
        {
          "schema_version": 0,
          "attributes": {
            "arn": "arn:aws:rds:eu-north-1:762293625313:subgrp:hina-cloud-project-db-subnet-group",
            "description": "Managed by Terraform",
            "id": "hina-cloud-project-db-subnet-group",
            "name": "hina-cloud-project-db-subnet-group",
            "name_prefix": "",
            "subnet_ids": [
              "subnet-051a8c23b51de1dc0",
              "subnet-060bb50226d4f388a"
            ],
            "supported_network_types": [
              "IPV4"
            ],
            "tags": {
              "Name": "hina-cloud-project-db-subnet-group",
              "Project": "hina-cloud-project"
            },
            "tags_all": {
              "Name": "hina-cloud-project-db-subnet-group",
              "Project": "hina-cloud-project"
            },
            "vpc_id": "vpc-02d9f41363eeac17d"
          },
          "sensitive_attributes": [],
          "private": "bnVsbA==",
          "dependencies": [
            "module.vpc.aws_subnet.private",
            "module.vpc.aws_vpc.main",
            "module.vpc.data.aws_availability_zones.available"
          ]
        }
      ]
    },
    {
      "module": "module.security_groups",
      "mode": "managed",
      "type": "aws_iam_instance_profile",
      "name": "ec2_instance_profile",
      "provider": "provider[\"registry.terraform.io/hashicorp/aws\"]",
      "instances": [
        {
          "schema_version": 0,
          "attributes": {
            "arn": "arn:aws:iam::762293625313:instance-profile/hina-cloud-project-ec2-instance-profile",
            "create_date": "2025-06-13T08:31:24Z",
            "id": "hina-cloud-project-ec2-instance-profile",
            "name": "hina-cloud-project-ec2-instance-profile",
            "name_prefix": "",
            "path": "/",
            "role": "hina-cloud-project-ec2-instance-role",
            "tags": {},
            "tags_all": {},
            "unique_id": "AIPA3C7B5UHQ3OEFWZ2U7"
          },
          "sensitive_attributes": [],
          "private": "bnVsbA==",
          "dependencies": [
            "module.security_groups.aws_iam_role.ec2_instance_role"
          ]
        }
      ]
    },
    {
      "module": "module.security_groups",
      "mode": "managed",
      "type": "aws_iam_role",
      "name": "ec2_instance_role",
      "provider": "provider[\"registry.terraform.io/hashicorp/aws\"]",
      "instances": [
        {
          "schema_version": 0,
          "attributes": {
            "arn": "arn:aws:iam::762293625313:role/hina-cloud-project-ec2-instance-role",
            "assume_role_policy": "{\"Statement\":[{\"Action\":\"sts:AssumeRole\",\"Effect\":\"Allow\",\"Principal\":{\"Service\":\"ec2.amazonaws.com\"}}],\"Version\":\"2012-10-17\"}",
            "create_date": "2025-06-13T08:31:23Z",
            "description": "",
            "force_detach_policies": false,
            "id": "hina-cloud-project-ec2-instance-role",
            "inline_policy": [],
            "managed_policy_arns": [
              "arn:aws:iam::aws:policy/AmazonEC2ContainerRegistryReadOnly",
              "arn:aws:iam::aws:policy/AmazonSSMManagedInstanceCore"
            ],
            "max_session_duration": 3600,
            "name": "hina-cloud-project-ec2-instance-role",
            "name_prefix": "",
            "path": "/",
            "permissions_boundary": "",
            "tags": {
              "Name": "hina-cloud-project-ec2-instance-role",
              "Project": "hina-cloud-project"
            },
            "tags_all": {
              "Name": "hina-cloud-project-ec2-instance-role",
              "Project": "hina-cloud-project"
            },
            "unique_id": "AROA3C7B5UHQ3CDFNCGII"
          },
          "sensitive_attributes": [],
          "private": "bnVsbA=="
        }
      ]
    },
    {
      "module": "module.security_groups",
      "mode": "managed",
      "type": "aws_iam_role_policy_attachment",
      "name": "ecr_read_only_policy_attachment",
      "provider": "provider[\"registry.terraform.io/hashicorp/aws\"]",
      "instances": [
        {
          "schema_version": 0,
          "attributes": {
            "id": "hina-cloud-project-ec2-instance-role-20250613083124025300000004",
            "policy_arn": "arn:aws:iam::aws:policy/AmazonEC2ContainerRegistryReadOnly",
            "role": "hina-cloud-project-ec2-instance-role"
          },
          "sensitive_attributes": [],
          "private": "bnVsbA==",
          "dependencies": [
            "module.security_groups.aws_iam_role.ec2_instance_role"
          ]
        }
      ]
    },
    {
      "module": "module.security_groups",
      "mode": "managed",
      "type": "aws_iam_role_policy_attachment",
      "name": "ssm_policy_attachment",
      "provider": "provider[\"registry.terraform.io/hashicorp/aws\"]",
      "instances": [
        {
          "schema_version": 0,
          "attributes": {
            "id": "hina-cloud-project-ec2-instance-role-20250613083123744000000003",
            "policy_arn": "arn:aws:iam::aws:policy/AmazonSSMManagedInstanceCore",
            "role": "hina-cloud-project-ec2-instance-role"
          },
          "sensitive_attributes": [],
          "private": "bnVsbA==",
          "dependencies": [
            "module.security_groups.aws_iam_role.ec2_instance_role"
          ]
        }
      ]
    },
    {
      "module": "module.security_groups",
      "mode": "managed",
      "type": "aws_security_group",
      "name": "alb_sg",
      "provider": "provider[\"registry.terraform.io/hashicorp/aws\"]",
      "instances": [
        {
          "schema_version": 1,
          "attributes": {
            "arn": "arn:aws:ec2:eu-north-1:762293625313:security-group/sg-05e054279888eab6d",
            "description": "Allow HTTP/HTTPS traffic to ALB",
            "egress": [
              {
                "cidr_blocks": [
                  "0.0.0.0/0"
                ],
                "description": "",
                "from_port": 0,
                "ipv6_cidr_blocks": [],
                "prefix_list_ids": [],
                "protocol": "-1",
                "security_groups": [],
                "self": false,
                "to_port": 0
              }
            ],
            "id": "sg-05e054279888eab6d",
            "ingress": [
              {
                "cidr_blocks": [
                  "0.0.0.0/0"
                ],
                "description": "",
                "from_port": 443,
                "ipv6_cidr_blocks": [],
                "prefix_list_ids": [],
                "protocol": "tcp",
                "security_groups": [],
                "self": false,
                "to_port": 443
              },
              {
                "cidr_blocks": [
                  "0.0.0.0/0"
                ],
                "description": "",
                "from_port": 80,
                "ipv6_cidr_blocks": [],
                "prefix_list_ids": [],
                "protocol": "tcp",
                "security_groups": [],
                "self": false,
                "to_port": 80
              }
            ],
            "name": "hina-cloud-project-alb-sg",
            "name_prefix": "",
            "owner_id": "762293625313",
            "revoke_rules_on_delete": false,
            "tags": {
              "Name": "hina-cloud-project-alb-sg",
              "Project": "hina-cloud-project"
            },
            "tags_all": {
              "Name": "hina-cloud-project-alb-sg",
              "Project": "hina-cloud-project"
            },
            "timeouts": null,
            "vpc_id": "vpc-02d9f41363eeac17d"
          },
          "sensitive_attributes": [],
          "private": "eyJlMmJmYjczMC1lY2FhLTExZTYtOGY4OC0zNDM2M2JjN2M0YzAiOnsiY3JlYXRlIjo2MDAwMDAwMDAwMDAsImRlbGV0ZSI6OTAwMDAwMDAwMDAwfSwic2NoZW1hX3ZlcnNpb24iOiIxIn0=",
          "dependencies": [
            "module.vpc.aws_vpc.main"
          ]
        }
      ]
    },
    {
      "module": "module.security_groups",
      "mode": "managed",
      "type": "aws_security_group",
      "name": "bi_tool_sg",
      "provider": "provider[\"registry.terraform.io/hashicorp/aws\"]",
      "instances": [
        {
          "schema_version": 1,
          "attributes": {
            "arn": "arn:aws:ec2:eu-north-1:762293625313:security-group/sg-013021c26f31a2152",
            "description": "Allow HTTP (Metabase port) from ALB, SSH from specific IP",
            "egress": [
              {
                "cidr_blocks": [
                  "0.0.0.0/0"
                ],
                "description": "",
                "from_port": 0,
                "ipv6_cidr_blocks": [],
                "prefix_list_ids": [],
                "protocol": "-1",
                "security_groups": [],
                "self": false,
                "to_port": 0
              }
            ],
            "id": "sg-013021c26f31a2152",
            "ingress": [
              {
                "cidr_blocks": [
                  "101.53.224.48/32"
                ],
                "description": "",
                "from_port": 22,
                "ipv6_cidr_blocks": [],
                "prefix_list_ids": [],
                "protocol": "tcp",
                "security_groups": [],
                "self": false,
                "to_port": 22
              },
              {
                "cidr_blocks": [],
                "description": "",
                "from_port": 3000,
                "ipv6_cidr_blocks": [],
                "prefix_list_ids": [],
                "protocol": "tcp",
                "security_groups": [
                  "sg-05e054279888eab6d"
                ],
                "self": false,
                "to_port": 3000
              }
            ],
            "name": "hina-cloud-project-bi-tool-sg",
            "name_prefix": "",
            "owner_id": "762293625313",
            "revoke_rules_on_delete": false,
            "tags": {
              "Name": "hina-cloud-project-bi-tool-sg",
              "Project": "hina-cloud-project"
            },
            "tags_all": {
              "Name": "hina-cloud-project-bi-tool-sg",
              "Project": "hina-cloud-project"
            },
            "timeouts": null,
            "vpc_id": "vpc-02d9f41363eeac17d"
          },
          "sensitive_attributes": [],
          "private": "eyJlMmJmYjczMC1lY2FhLTExZTYtOGY4OC0zNDM2M2JjN2M0YzAiOnsiY3JlYXRlIjo2MDAwMDAwMDAwMDAsImRlbGV0ZSI6OTAwMDAwMDAwMDAwfSwic2NoZW1hX3ZlcnNpb24iOiIxIn0=",
          "dependencies": [
            "module.security_groups.aws_security_group.alb_sg",
            "module.vpc.aws_vpc.main"
          ]
        }
      ]
    },
    {
      "module": "module.security_groups",
      "mode": "managed",
      "type": "aws_security_group",
      "name": "rds_mysql_sg",
      "provider": "provider[\"registry.terraform.io/hashicorp/aws\"]",
      "instances": [
        {
          "schema_version": 1,
          "attributes": {
            "arn": "arn:aws:ec2:eu-north-1:762293625313:security-group/sg-025521cf407ee09f2",
            "description": "Allow MySQL access from EC2 instances",
            "egress": [
              {
                "cidr_blocks": [
                  "0.0.0.0/0"
                ],
                "description": "",
                "from_port": 0,
                "ipv6_cidr_blocks": [],
                "prefix_list_ids": [],
                "protocol": "-1",
                "security_groups": [],
                "self": false,
                "to_port": 0
              }
            ],
            "id": "sg-025521cf407ee09f2",
            "ingress": [
              {
                "cidr_blocks": [],
                "description": "",
                "from_port": 3306,
                "ipv6_cidr_blocks": [],
                "prefix_list_ids": [],
                "protocol": "tcp",
                "security_groups": [
                  "sg-013021c26f31a2152",
                  "sg-06bb5eef76a461a17"
                ],
                "self": false,
                "to_port": 3306
              }
            ],
            "name": "hina-cloud-project-rds-mysql-sg",
            "name_prefix": "",
            "owner_id": "762293625313",
            "revoke_rules_on_delete": false,
            "tags": {
              "Name": "hina-cloud-project-rds-mysql-sg",
              "Project": "hina-cloud-project"
            },
            "tags_all": {
              "Name": "hina-cloud-project-rds-mysql-sg",
              "Project": "hina-cloud-project"
            },
            "timeouts": null,
            "vpc_id": "vpc-02d9f41363eeac17d"
          },
          "sensitive_attributes": [],
          "private": "eyJlMmJmYjczMC1lY2FhLTExZTYtOGY4OC0zNDM2M2JjN2M0YzAiOnsiY3JlYXRlIjo2MDAwMDAwMDAwMDAsImRlbGV0ZSI6OTAwMDAwMDAwMDAwfSwic2NoZW1hX3ZlcnNpb24iOiIxIn0=",
          "dependencies": [
            "module.security_groups.aws_security_group.alb_sg",
            "module.security_groups.aws_security_group.bi_tool_sg",
            "module.security_groups.aws_security_group.web_app_sg",
            "module.vpc.aws_vpc.main"
          ]
        }
      ]
    },
    {
      "module": "module.security_groups",
      "mode": "managed",
      "type": "aws_security_group",
      "name": "rds_postgresql_sg",
      "provider": "provider[\"registry.terraform.io/hashicorp/aws\"]",
      "instances": [
        {
          "schema_version": 1,
          "attributes": {
            "arn": "arn:aws:ec2:eu-north-1:762293625313:security-group/sg-0b3110425a965af7d",
            "description": "Allow PostgreSQL access from EC2 instances",
            "egress": [
              {
                "cidr_blocks": [
                  "0.0.0.0/0"
                ],
                "description": "",
                "from_port": 0,
                "ipv6_cidr_blocks": [],
                "prefix_list_ids": [],
                "protocol": "-1",
                "security_groups": [],
                "self": false,
                "to_port": 0
              }
            ],
            "id": "sg-0b3110425a965af7d",
            "ingress": [
              {
                "cidr_blocks": [],
                "description": "",
                "from_port": 5432,
                "ipv6_cidr_blocks": [],
                "prefix_list_ids": [],
                "protocol": "tcp",
                "security_groups": [
                  "sg-013021c26f31a2152",
                  "sg-06bb5eef76a461a17"
                ],
                "self": false,
                "to_port": 5432
              }
            ],
            "name": "hina-cloud-project-rds-postgresql-sg",
            "name_prefix": "",
            "owner_id": "762293625313",
            "revoke_rules_on_delete": false,
            "tags": {
              "Name": "hina-cloud-project-rds-postgresql-sg",
              "Project": "hina-cloud-project"
            },
            "tags_all": {
              "Name": "hina-cloud-project-rds-postgresql-sg",
              "Project": "hina-cloud-project"
            },
            "timeouts": null,
            "vpc_id": "vpc-02d9f41363eeac17d"
          },
          "sensitive_attributes": [],
          "private": "eyJlMmJmYjczMC1lY2FhLTExZTYtOGY4OC0zNDM2M2JjN2M0YzAiOnsiY3JlYXRlIjo2MDAwMDAwMDAwMDAsImRlbGV0ZSI6OTAwMDAwMDAwMDAwfSwic2NoZW1hX3ZlcnNpb24iOiIxIn0=",
          "dependencies": [
            "module.security_groups.aws_security_group.alb_sg",
            "module.security_groups.aws_security_group.bi_tool_sg",
            "module.security_groups.aws_security_group.web_app_sg",
            "module.vpc.aws_vpc.main"
          ]
        }
      ]
    },
    {
      "module": "module.security_groups",
      "mode": "managed",
      "type": "aws_security_group",
      "name": "web_app_sg",
      "provider": "provider[\"registry.terraform.io/hashicorp/aws\"]",
      "instances": [
        {
          "schema_version": 1,
          "attributes": {
            "arn": "arn:aws:ec2:eu-north-1:762293625313:security-group/sg-06bb5eef76a461a17",
            "description": "Allow HTTP from ALB, SSH from specific IP",
            "egress": [
              {
                "cidr_blocks": [
                  "0.0.0.0/0"
                ],
                "description": "",
                "from_port": 0,
                "ipv6_cidr_blocks": [],
                "prefix_list_ids": [],
                "protocol": "-1",
                "security_groups": [],
                "self": false,
                "to_port": 0
              }
            ],
            "id": "sg-06bb5eef76a461a17",
            "ingress": [
              {
                "cidr_blocks": [
                  "101.53.224.48/32"
                ],
                "description": "",
                "from_port": 22,
                "ipv6_cidr_blocks": [],
                "prefix_list_ids": [],
                "protocol": "tcp",
                "security_groups": [],
                "self": false,
                "to_port": 22
              },
              {
                "cidr_blocks": [],
                "description": "",
                "from_port": 80,
                "ipv6_cidr_blocks": [],
                "prefix_list_ids": [],
                "protocol": "tcp",
                "security_groups": [
                  "sg-05e054279888eab6d"
                ],
                "self": false,
                "to_port": 80
              }
            ],
            "name": "hina-cloud-project-web-app-sg",
            "name_prefix": "",
            "owner_id": "762293625313",
            "revoke_rules_on_delete": false,
            "tags": {
              "Name": "hina-cloud-project-web-app-sg",
              "Project": "hina-cloud-project"
            },
            "tags_all": {
              "Name": "hina-cloud-project-web-app-sg",
              "Project": "hina-cloud-project"
            },
            "timeouts": null,
            "vpc_id": "vpc-02d9f41363eeac17d"
          },
          "sensitive_attributes": [],
          "private": "eyJlMmJmYjczMC1lY2FhLTExZTYtOGY4OC0zNDM2M2JjN2M0YzAiOnsiY3JlYXRlIjo2MDAwMDAwMDAwMDAsImRlbGV0ZSI6OTAwMDAwMDAwMDAwfSwic2NoZW1hX3ZlcnNpb24iOiIxIn0=",
          "dependencies": [
            "module.security_groups.aws_security_group.alb_sg",
            "module.vpc.aws_vpc.main"
          ]
        }
      ]
    },
    {
      "module": "module.vpc",
      "mode": "data",
      "type": "aws_availability_zones",
      "name": "available",
      "provider": "provider[\"registry.terraform.io/hashicorp/aws\"]",
      "instances": [
        {
          "schema_version": 0,
          "attributes": {
            "all_availability_zones": null,
            "exclude_names": null,
            "exclude_zone_ids": null,
            "filter": null,
            "group_names": [
              "eu-north-1-zg-1"
            ],
            "id": "eu-north-1",
            "names": [
              "eu-north-1a",
              "eu-north-1b",
              "eu-north-1c"
            ],
            "state": "available",
            "timeouts": null,
            "zone_ids": [
              "eun1-az1",
              "eun1-az2",
              "eun1-az3"
            ]
          },
          "sensitive_attributes": []
        }
      ]
    },
    {
      "module": "module.vpc",
      "mode": "managed",
      "type": "aws_eip",
      "name": "nat_gateway_eip",
      "provider": "provider[\"registry.terraform.io/hashicorp/aws\"]",
      "instances": [
        {
          "schema_version": 0,
          "attributes": {
            "address": null,
            "allocation_id": "eipalloc-08d495897af7c3b28",
            "arn": "arn:aws:ec2:eu-north-1:762293625313:elastic-ip/eipalloc-08d495897af7c3b28",
            "associate_with_private_ip": null,
            "association_id": "eipassoc-0315d04d964741ecf",
            "carrier_ip": "",
            "customer_owned_ip": "",
            "customer_owned_ipv4_pool": "",
            "domain": "vpc",
            "id": "eipalloc-08d495897af7c3b28",
            "instance": "",
            "ipam_pool_id": null,
            "network_border_group": "eu-north-1",
            "network_interface": "eni-09cf0b5df966eefea",
            "private_dns": "ip-10-0-1-34.eu-north-1.compute.internal",
            "private_ip": "10.0.1.34",
            "ptr_record": "",
            "public_dns": "ec2-13-62-30-169.eu-north-1.compute.amazonaws.com",
            "public_ip": "13.62.30.169",
            "public_ipv4_pool": "amazon",
            "tags": {
              "Name": "hina-cloud-project-nat-eip",
              "Project": "hina-cloud-project"
            },
            "tags_all": {
              "Name": "hina-cloud-project-nat-eip",
              "Project": "hina-cloud-project"
            },
            "timeouts": null,
            "vpc": true
          },
          "sensitive_attributes": [],
          "private": "eyJlMmJmYjczMC1lY2FhLTExZTYtOGY4OC0zNDM2M2JjN2M0YzAiOnsiZGVsZXRlIjoxODAwMDAwMDAwMDAsInJlYWQiOjkwMDAwMDAwMDAwMCwidXBkYXRlIjozMDAwMDAwMDAwMDB9fQ==",
          "dependencies": [
            "module.vpc.aws_internet_gateway.main",
            "module.vpc.aws_vpc.main"
          ]
        }
      ]
    },
    {
      "module": "module.vpc",
      "mode": "managed",
      "type": "aws_internet_gateway",
      "name": "main",
      "provider": "provider[\"registry.terraform.io/hashicorp/aws\"]",
      "instances": [
        {
          "schema_version": 0,
          "attributes": {
            "arn": "arn:aws:ec2:eu-north-1:762293625313:internet-gateway/igw-0d8000a9390bf41e9",
            "id": "igw-0d8000a9390bf41e9",
            "owner_id": "762293625313",
            "tags": {
              "Name": "hina-cloud-project-igw",
              "Project": "hina-cloud-project"
            },
            "tags_all": {
              "Name": "hina-cloud-project-igw",
              "Project": "hina-cloud-project"
            },
            "timeouts": null,
            "vpc_id": "vpc-02d9f41363eeac17d"
          },
          "sensitive_attributes": [],
          "private": "eyJlMmJmYjczMC1lY2FhLTExZTYtOGY4OC0zNDM2M2JjN2M0YzAiOnsiY3JlYXRlIjoxMjAwMDAwMDAwMDAwLCJkZWxldGUiOjEyMDAwMDAwMDAwMDAsInVwZGF0ZSI6MTIwMDAwMDAwMDAwMH19",
          "dependencies": [
            "module.vpc.aws_vpc.main"
          ]
        }
      ]
    },
    {
      "module": "module.vpc",
      "mode": "managed",
      "type": "aws_nat_gateway",
      "name": "main",
      "provider": "provider[\"registry.terraform.io/hashicorp/aws\"]",
      "instances": [
        {
          "schema_version": 0,
          "attributes": {
            "allocation_id": "eipalloc-08d495897af7c3b28",
            "association_id": "eipassoc-0315d04d964741ecf",
            "connectivity_type": "public",
            "id": "nat-09802bf429841a103",
            "network_interface_id": "eni-09cf0b5df966eefea",
            "private_ip": "10.0.1.34",
            "public_ip": "13.62.30.169",
            "secondary_allocation_ids": [],
            "secondary_private_ip_address_count": 0,
            "secondary_private_ip_addresses": [],
            "subnet_id": "subnet-03e2a5040bce6f4ec",
            "tags": {
              "Name": "hina-cloud-project-nat-gateway",
              "Project": "hina-cloud-project"
            },
            "tags_all": {
              "Name": "hina-cloud-project-nat-gateway",
              "Project": "hina-cloud-project"
            },
            "timeouts": null
          },
          "sensitive_attributes": [],
          "private": "eyJlMmJmYjczMC1lY2FhLTExZTYtOGY4OC0zNDM2M2JjN2M0YzAiOnsiY3JlYXRlIjo2MDAwMDAwMDAwMDAsImRlbGV0ZSI6MTgwMDAwMDAwMDAwMCwidXBkYXRlIjo2MDAwMDAwMDAwMDB9fQ==",
          "dependencies": [
            "module.vpc.aws_eip.nat_gateway_eip",
            "module.vpc.aws_internet_gateway.main",
            "module.vpc.aws_subnet.public",
            "module.vpc.aws_vpc.main",
            "module.vpc.data.aws_availability_zones.available"
          ]
        }
      ]
    },
    {
      "module": "module.vpc",
      "mode": "managed",
      "type": "aws_route_table",
      "name": "private",
      "provider": "provider[\"registry.terraform.io/hashicorp/aws\"]",
      "instances": [
        {
          "index_key": 0,
          "schema_version": 0,
          "attributes": {
            "arn": "arn:aws:ec2:eu-north-1:762293625313:route-table/rtb-0d7c74fe18b2b497b",
            "id": "rtb-0d7c74fe18b2b497b",
            "owner_id": "762293625313",
            "propagating_vgws": [],
            "route": [
              {
                "carrier_gateway_id": "",
                "cidr_block": "0.0.0.0/0",
                "core_network_arn": "",
                "destination_prefix_list_id": "",
                "egress_only_gateway_id": "",
                "gateway_id": "",
                "ipv6_cidr_block": "",
                "local_gateway_id": "",
                "nat_gateway_id": "nat-09802bf429841a103",
                "network_interface_id": "",
                "transit_gateway_id": "",
                "vpc_endpoint_id": "",
                "vpc_peering_connection_id": ""
              }
            ],
            "tags": {
              "Name": "hina-cloud-project-private-rt-0",
              "Project": "hina-cloud-project"
            },
            "tags_all": {
              "Name": "hina-cloud-project-private-rt-0",
              "Project": "hina-cloud-project"
            },
            "timeouts": null,
            "vpc_id": "vpc-02d9f41363eeac17d"
          },
          "sensitive_attributes": [],
          "private": "eyJlMmJmYjczMC1lY2FhLTExZTYtOGY4OC0zNDM2M2JjN2M0YzAiOnsiY3JlYXRlIjozMDAwMDAwMDAwMDAsImRlbGV0ZSI6MzAwMDAwMDAwMDAwLCJ1cGRhdGUiOjEyMDAwMDAwMDAwMH19",
          "dependencies": [
            "module.vpc.aws_eip.nat_gateway_eip",
            "module.vpc.aws_internet_gateway.main",
            "module.vpc.aws_nat_gateway.main",
            "module.vpc.aws_subnet.public",
            "module.vpc.aws_vpc.main",
            "module.vpc.data.aws_availability_zones.available"
          ]
        },
        {
          "index_key": 1,
          "schema_version": 0,
          "attributes": {
            "arn": "arn:aws:ec2:eu-north-1:762293625313:route-table/rtb-07da50745b5fe8f6e",
            "id": "rtb-07da50745b5fe8f6e",
            "owner_id": "762293625313",
            "propagating_vgws": [],
            "route": [
              {
                "carrier_gateway_id": "",
                "cidr_block": "0.0.0.0/0",
                "core_network_arn": "",
                "destination_prefix_list_id": "",
                "egress_only_gateway_id": "",
                "gateway_id": "",
                "ipv6_cidr_block": "",
                "local_gateway_id": "",
                "nat_gateway_id": "nat-09802bf429841a103",
                "network_interface_id": "",
                "transit_gateway_id": "",
                "vpc_endpoint_id": "",
                "vpc_peering_connection_id": ""
              }
            ],
            "tags": {
              "Name": "hina-cloud-project-private-rt-1",
              "Project": "hina-cloud-project"
            },
            "tags_all": {
              "Name": "hina-cloud-project-private-rt-1",
              "Project": "hina-cloud-project"
            },
            "timeouts": null,
            "vpc_id": "vpc-02d9f41363eeac17d"
          },
          "sensitive_attributes": [],
          "private": "eyJlMmJmYjczMC1lY2FhLTExZTYtOGY4OC0zNDM2M2JjN2M0YzAiOnsiY3JlYXRlIjozMDAwMDAwMDAwMDAsImRlbGV0ZSI6MzAwMDAwMDAwMDAwLCJ1cGRhdGUiOjEyMDAwMDAwMDAwMH19",
          "dependencies": [
            "module.vpc.aws_eip.nat_gateway_eip",
            "module.vpc.aws_internet_gateway.main",
            "module.vpc.aws_nat_gateway.main",
            "module.vpc.aws_subnet.public",
            "module.vpc.aws_vpc.main",
            "module.vpc.data.aws_availability_zones.available"
          ]
        }
      ]
    },
    {
      "module": "module.vpc",
      "mode": "managed",
      "type": "aws_route_table",
      "name": "public",
      "provider": "provider[\"registry.terraform.io/hashicorp/aws\"]",
      "instances": [
        {
          "schema_version": 0,
          "attributes": {
            "arn": "arn:aws:ec2:eu-north-1:762293625313:route-table/rtb-0cc7ba010b1d49f8b",
            "id": "rtb-0cc7ba010b1d49f8b",
            "owner_id": "762293625313",
            "propagating_vgws": [],
            "route": [
              {
                "carrier_gateway_id": "",
                "cidr_block": "0.0.0.0/0",
                "core_network_arn": "",
                "destination_prefix_list_id": "",
                "egress_only_gateway_id": "",
                "gateway_id": "igw-0d8000a9390bf41e9",
                "ipv6_cidr_block": "",
                "local_gateway_id": "",
                "nat_gateway_id": "",
                "network_interface_id": "",
                "transit_gateway_id": "",
                "vpc_endpoint_id": "",
                "vpc_peering_connection_id": ""
              }
            ],
            "tags": {
              "Name": "hina-cloud-project-public-rt",
              "Project": "hina-cloud-project"
            },
            "tags_all": {
              "Name": "hina-cloud-project-public-rt",
              "Project": "hina-cloud-project"
            },
            "timeouts": null,
            "vpc_id": "vpc-02d9f41363eeac17d"
          },
          "sensitive_attributes": [],
          "private": "eyJlMmJmYjczMC1lY2FhLTExZTYtOGY4OC0zNDM2M2JjN2M0YzAiOnsiY3JlYXRlIjozMDAwMDAwMDAwMDAsImRlbGV0ZSI6MzAwMDAwMDAwMDAwLCJ1cGRhdGUiOjEyMDAwMDAwMDAwMH19",
          "dependencies": [
            "module.vpc.aws_internet_gateway.main",
            "module.vpc.aws_vpc.main"
          ]
        }
      ]
    },
    {
      "module": "module.vpc",
      "mode": "managed",
      "type": "aws_route_table_association",
      "name": "private",
      "provider": "provider[\"registry.terraform.io/hashicorp/aws\"]",
      "instances": [
        {
          "index_key": 0,
          "schema_version": 0,
          "attributes": {
            "gateway_id": "",
            "id": "rtbassoc-0c3350bd88f2a1a20",
            "route_table_id": "rtb-0d7c74fe18b2b497b",
            "subnet_id": "subnet-051a8c23b51de1dc0",
            "timeouts": null
          },
          "sensitive_attributes": [],
          "private": "eyJlMmJmYjczMC1lY2FhLTExZTYtOGY4OC0zNDM2M2JjN2M0YzAiOnsiY3JlYXRlIjozMDAwMDAwMDAwMDAsImRlbGV0ZSI6MzAwMDAwMDAwMDAwLCJ1cGRhdGUiOjEyMDAwMDAwMDAwMH19",
          "dependencies": [
            "module.vpc.aws_eip.nat_gateway_eip",
            "module.vpc.aws_internet_gateway.main",
            "module.vpc.aws_nat_gateway.main",
            "module.vpc.aws_route_table.private",
            "module.vpc.aws_subnet.private",
            "module.vpc.aws_subnet.public",
            "module.vpc.aws_vpc.main",
            "module.vpc.data.aws_availability_zones.available"
          ]
        },
        {
          "index_key": 1,
          "schema_version": 0,
          "attributes": {
            "gateway_id": "",
            "id": "rtbassoc-079e460954337b200",
            "route_table_id": "rtb-07da50745b5fe8f6e",
            "subnet_id": "subnet-060bb50226d4f388a",
            "timeouts": null
          },
          "sensitive_attributes": [],
          "private": "eyJlMmJmYjczMC1lY2FhLTExZTYtOGY4OC0zNDM2M2JjN2M0YzAiOnsiY3JlYXRlIjozMDAwMDAwMDAwMDAsImRlbGV0ZSI6MzAwMDAwMDAwMDAwLCJ1cGRhdGUiOjEyMDAwMDAwMDAwMH19",
          "dependencies": [
            "module.vpc.aws_eip.nat_gateway_eip",
            "module.vpc.aws_internet_gateway.main",
            "module.vpc.aws_nat_gateway.main",
            "module.vpc.aws_route_table.private",
            "module.vpc.aws_subnet.private",
            "module.vpc.aws_subnet.public",
            "module.vpc.aws_vpc.main",
            "module.vpc.data.aws_availability_zones.available"
          ]
        }
      ]
    },
    {
      "module": "module.vpc",
      "mode": "managed",
      "type": "aws_route_table_association",
      "name": "public",
      "provider": "provider[\"registry.terraform.io/hashicorp/aws\"]",
      "instances": [
        {
          "index_key": 0,
          "schema_version": 0,
          "attributes": {
            "gateway_id": "",
            "id": "rtbassoc-0fd59a8b0157585cf",
            "route_table_id": "rtb-0cc7ba010b1d49f8b",
            "subnet_id": "subnet-03e2a5040bce6f4ec",
            "timeouts": null
          },
          "sensitive_attributes": [],
          "private": "eyJlMmJmYjczMC1lY2FhLTExZTYtOGY4OC0zNDM2M2JjN2M0YzAiOnsiY3JlYXRlIjozMDAwMDAwMDAwMDAsImRlbGV0ZSI6MzAwMDAwMDAwMDAwLCJ1cGRhdGUiOjEyMDAwMDAwMDAwMH19",
          "dependencies": [
            "module.vpc.aws_internet_gateway.main",
            "module.vpc.aws_route_table.public",
            "module.vpc.aws_subnet.public",
            "module.vpc.aws_vpc.main",
            "module.vpc.data.aws_availability_zones.available"
          ]
        },
        {
          "index_key": 1,
          "schema_version": 0,
          "attributes": {
            "gateway_id": "",
            "id": "rtbassoc-05576a3b790a31da0",
            "route_table_id": "rtb-0cc7ba010b1d49f8b",
            "subnet_id": "subnet-0ef75f87fdaac1038",
            "timeouts": null
          },
          "sensitive_attributes": [],
          "private": "eyJlMmJmYjczMC1lY2FhLTExZTYtOGY4OC0zNDM2M2JjN2M0YzAiOnsiY3JlYXRlIjozMDAwMDAwMDAwMDAsImRlbGV0ZSI6MzAwMDAwMDAwMDAwLCJ1cGRhdGUiOjEyMDAwMDAwMDAwMH19",
          "dependencies": [
            "module.vpc.aws_internet_gateway.main",
            "module.vpc.aws_route_table.public",
            "module.vpc.aws_subnet.public",
            "module.vpc.aws_vpc.main",
            "module.vpc.data.aws_availability_zones.available"
          ]
        }
      ]
    },
    {
      "module": "module.vpc",
      "mode": "managed",
      "type": "aws_subnet",
      "name": "private",
      "provider": "provider[\"registry.terraform.io/hashicorp/aws\"]",
      "instances": [
        {
          "index_key": 0,
          "schema_version": 1,
          "attributes": {
            "arn": "arn:aws:ec2:eu-north-1:762293625313:subnet/subnet-051a8c23b51de1dc0",
            "assign_ipv6_address_on_creation": false,
            "availability_zone": "eu-north-1a",
            "availability_zone_id": "eun1-az1",
            "cidr_block": "10.0.101.0/24",
            "customer_owned_ipv4_pool": "",
            "enable_dns64": false,
            "enable_lni_at_device_index": 0,
            "enable_resource_name_dns_a_record_on_launch": false,
            "enable_resource_name_dns_aaaa_record_on_launch": false,
            "id": "subnet-051a8c23b51de1dc0",
            "ipv6_cidr_block": "",
            "ipv6_cidr_block_association_id": "",
            "ipv6_native": false,
            "map_customer_owned_ip_on_launch": false,
            "map_public_ip_on_launch": false,
            "outpost_arn": "",
            "owner_id": "762293625313",
            "private_dns_hostname_type_on_launch": "ip-name",
            "tags": {
              "Name": "hina-cloud-project-private-subnet-0",
              "Project": "hina-cloud-project"
            },
            "tags_all": {
              "Name": "hina-cloud-project-private-subnet-0",
              "Project": "hina-cloud-project"
            },
            "timeouts": null,
            "vpc_id": "vpc-02d9f41363eeac17d"
          },
          "sensitive_attributes": [],
          "private": "eyJlMmJmYjczMC1lY2FhLTExZTYtOGY4OC0zNDM2M2JjN2M0YzAiOnsiY3JlYXRlIjo2MDAwMDAwMDAwMDAsImRlbGV0ZSI6MTIwMDAwMDAwMDAwMH0sInNjaGVtYV92ZXJzaW9uIjoiMSJ9",
          "dependencies": [
            "module.vpc.aws_vpc.main",
            "module.vpc.data.aws_availability_zones.available"
          ]
        },
        {
          "index_key": 1,
          "schema_version": 1,
          "attributes": {
            "arn": "arn:aws:ec2:eu-north-1:762293625313:subnet/subnet-060bb50226d4f388a",
            "assign_ipv6_address_on_creation": false,
            "availability_zone": "eu-north-1b",
            "availability_zone_id": "eun1-az2",
            "cidr_block": "10.0.102.0/24",
            "customer_owned_ipv4_pool": "",
            "enable_dns64": false,
            "enable_lni_at_device_index": 0,
            "enable_resource_name_dns_a_record_on_launch": false,
            "enable_resource_name_dns_aaaa_record_on_launch": false,
            "id": "subnet-060bb50226d4f388a",
            "ipv6_cidr_block": "",
            "ipv6_cidr_block_association_id": "",
            "ipv6_native": false,
            "map_customer_owned_ip_on_launch": false,
            "map_public_ip_on_launch": false,
            "outpost_arn": "",
            "owner_id": "762293625313",
            "private_dns_hostname_type_on_launch": "ip-name",
            "tags": {
              "Name": "hina-cloud-project-private-subnet-1",
              "Project": "hina-cloud-project"
            },
            "tags_all": {
              "Name": "hina-cloud-project-private-subnet-1",
              "Project": "hina-cloud-project"
            },
            "timeouts": null,
            "vpc_id": "vpc-02d9f41363eeac17d"
          },
          "sensitive_attributes": [],
          "private": "eyJlMmJmYjczMC1lY2FhLTExZTYtOGY4OC0zNDM2M2JjN2M0YzAiOnsiY3JlYXRlIjo2MDAwMDAwMDAwMDAsImRlbGV0ZSI6MTIwMDAwMDAwMDAwMH0sInNjaGVtYV92ZXJzaW9uIjoiMSJ9",
          "dependencies": [
            "module.vpc.aws_vpc.main",
            "module.vpc.data.aws_availability_zones.available"
          ]
        }
      ]
    },
    {
      "module": "module.vpc",
      "mode": "managed",
      "type": "aws_subnet",
      "name": "public",
      "provider": "provider[\"registry.terraform.io/hashicorp/aws\"]",
      "instances": [
        {
          "index_key": 0,
          "schema_version": 1,
          "attributes": {
            "arn": "arn:aws:ec2:eu-north-1:762293625313:subnet/subnet-03e2a5040bce6f4ec",
            "assign_ipv6_address_on_creation": false,
            "availability_zone": "eu-north-1a",
            "availability_zone_id": "eun1-az1",
            "cidr_block": "10.0.1.0/24",
            "customer_owned_ipv4_pool": "",
            "enable_dns64": false,
            "enable_lni_at_device_index": 0,
            "enable_resource_name_dns_a_record_on_launch": false,
            "enable_resource_name_dns_aaaa_record_on_launch": false,
            "id": "subnet-03e2a5040bce6f4ec",
            "ipv6_cidr_block": "",
            "ipv6_cidr_block_association_id": "",
            "ipv6_native": false,
            "map_customer_owned_ip_on_launch": false,
            "map_public_ip_on_launch": true,
            "outpost_arn": "",
            "owner_id": "762293625313",
            "private_dns_hostname_type_on_launch": "ip-name",
            "tags": {
              "Name": "hina-cloud-project-public-subnet-0",
              "Project": "hina-cloud-project"
            },
            "tags_all": {
              "Name": "hina-cloud-project-public-subnet-0",
              "Project": "hina-cloud-project"
            },
            "timeouts": null,
            "vpc_id": "vpc-02d9f41363eeac17d"
          },
          "sensitive_attributes": [],
          "private": "eyJlMmJmYjczMC1lY2FhLTExZTYtOGY4OC0zNDM2M2JjN2M0YzAiOnsiY3JlYXRlIjo2MDAwMDAwMDAwMDAsImRlbGV0ZSI6MTIwMDAwMDAwMDAwMH0sInNjaGVtYV92ZXJzaW9uIjoiMSJ9",
          "dependencies": [
            "module.vpc.aws_vpc.main",
            "module.vpc.data.aws_availability_zones.available"
          ]
        },
        {
          "index_key": 1,
          "schema_version": 1,
          "attributes": {
            "arn": "arn:aws:ec2:eu-north-1:762293625313:subnet/subnet-0ef75f87fdaac1038",
            "assign_ipv6_address_on_creation": false,
            "availability_zone": "eu-north-1b",
            "availability_zone_id": "eun1-az2",
            "cidr_block": "10.0.2.0/24",
            "customer_owned_ipv4_pool": "",
            "enable_dns64": false,
            "enable_lni_at_device_index": 0,
            "enable_resource_name_dns_a_record_on_launch": false,
            "enable_resource_name_dns_aaaa_record_on_launch": false,
            "id": "subnet-0ef75f87fdaac1038",
            "ipv6_cidr_block": "",
            "ipv6_cidr_block_association_id": "",
            "ipv6_native": false,
            "map_customer_owned_ip_on_launch": false,
            "map_public_ip_on_launch": true,
            "outpost_arn": "",
            "owner_id": "762293625313",
            "private_dns_hostname_type_on_launch": "ip-name",
            "tags": {
              "Name": "hina-cloud-project-public-subnet-1",
              "Project": "hina-cloud-project"
            },
            "tags_all": {
              "Name": "hina-cloud-project-public-subnet-1",
              "Project": "hina-cloud-project"
            },
            "timeouts": null,
            "vpc_id": "vpc-02d9f41363eeac17d"
          },
          "sensitive_attributes": [],
          "private": "eyJlMmJmYjczMC1lY2FhLTExZTYtOGY4OC0zNDM2M2JjN2M0YzAiOnsiY3JlYXRlIjo2MDAwMDAwMDAwMDAsImRlbGV0ZSI6MTIwMDAwMDAwMDAwMH0sInNjaGVtYV92ZXJzaW9uIjoiMSJ9",
          "dependencies": [
            "module.vpc.aws_vpc.main",
            "module.vpc.data.aws_availability_zones.available"
          ]
        }
      ]
    },
    {
      "module": "module.vpc",
      "mode": "managed",
      "type": "aws_vpc",
      "name": "main",
      "provider": "provider[\"registry.terraform.io/hashicorp/aws\"]",
      "instances": [
        {
          "schema_version": 1,
          "attributes": {
            "arn": "arn:aws:ec2:eu-north-1:762293625313:vpc/vpc-02d9f41363eeac17d",
            "assign_generated_ipv6_cidr_block": false,
            "cidr_block": "10.0.0.0/16",
            "default_network_acl_id": "acl-0d5167b84a8271be5",
            "default_route_table_id": "rtb-0ae18cec8b4617a70",
            "default_security_group_id": "sg-0430d681a748a220b",
            "dhcp_options_id": "dopt-0120d4d50cd9916f9",
            "enable_dns_hostnames": false,
            "enable_dns_support": true,
            "enable_network_address_usage_metrics": false,
            "id": "vpc-02d9f41363eeac17d",
            "instance_tenancy": "default",
            "ipv4_ipam_pool_id": null,
            "ipv4_netmask_length": null,
            "ipv6_association_id": "",
            "ipv6_cidr_block": "",
            "ipv6_cidr_block_network_border_group": "",
            "ipv6_ipam_pool_id": "",
            "ipv6_netmask_length": 0,
            "main_route_table_id": "rtb-0ae18cec8b4617a70",
            "owner_id": "762293625313",
            "tags": {
              "Name": "hina-cloud-project-vpc",
              "Project": "hina-cloud-project"
            },
            "tags_all": {
              "Name": "hina-cloud-project-vpc",
              "Project": "hina-cloud-project"
            }
          },
          "sensitive_attributes": [],
          "private": "eyJzY2hlbWFfdmVyc2lvbiI6IjEifQ=="
        }
      ]
    }
  ],
  "check_results": null
}
